{
  "object": {
    "pins": [
      {
        "package": "Defaults",
        "repositoryURL": "https://github.com/sindresorhus/Defaults",
        "state": {
          "branch": null,
          "revision": "229dea452fee8d2205f56a12e5c21dfec00948f2",
          "version": "4.2.2"
        }
      },
      {
        "package": "MediaKeyTap",
        "repositoryURL": "https://github.com/MonitorControl/MediaKeyTap",
        "state": {
          "branch": "master",
          "revision": "22293b608bb9e7072960a2002d77ebbbdb3ba859",
          "version": null
        }
      },
      {
        "package": "Preferences",
        "repositoryURL": "https://github.com/sindresorhus/Preferences",
        "state": {
          "branch": null,
          "revision": "4dbcbdcc35d8d28e59fb63065d7c1a1b02289e51",
          "version": "2.3.0"
        }
      },
      {
        "package": "TunesUI",
        "repositoryURL": "https://github.com/App-Tunes/TunesUI",
        "state": {
          "branch": "main",
          "revision": "619f4aeecd4b4421ad2de73522d5021d45cc4f8e",
          "version": null
        }
      }
    ]
  },
  "version": 1
}
