// !$*UTF8*$!
{
	archiveVersion = 1;
	classes = {
	};
	objectVersion = 48;
	objects = {

/* Begin PBXBuildFile section */
		80F2C57A2038808000212739 /* AppDelegate.swift in Sources */ = {isa = PBXBuildFile; fileRef = 80F2C5792038808000212739 /* AppDelegate.swift */; };
		80F2C57C2038808000212739 /* ViewController.swift in Sources */ = {isa = PBXBuildFile; fileRef = 80F2C57B2038808000212739 /* ViewController.swift */; };
		80F2C57F2038808000212739 /* TenTunes.xcdatamodeld in Sources */ = {isa = PBXBuildFile; fileRef = 80F2C57D2038808000212739 /* TenTunes.xcdatamodeld */; };
		80F2C5812038808000212739 /* Assets.xcassets in Resources */ = {isa = PBXBuildFile; fileRef = 80F2C5802038808000212739 /* Assets.xcassets */; };
		80F2C5842038808000212739 /* Main.storyboard in Resources */ = {isa = PBXBuildFile; fileRef = 80F2C5822038808000212739 /* Main.storyboard */; };
		80F2C58F20389B9B00212739 /* TrackSpectrumView.swift in Sources */ = {isa = PBXBuildFile; fileRef = 80F2C58E20389B9B00212739 /* TrackSpectrumView.swift */; };
		80F2C5912038A80D00212739 /* Track.swift in Sources */ = {isa = PBXBuildFile; fileRef = 80F2C5902038A80D00212739 /* Track.swift */; };
/* End PBXBuildFile section */

/* Begin PBXFileReference section */
		80F2C5762038808000212739 /* TenTunes.app */ = {isa = PBXFileReference; explicitFileType = wrapper.application; includeInIndex = 0; path = TenTunes.app; sourceTree = BUILT_PRODUCTS_DIR; };
		80F2C5792038808000212739 /* AppDelegate.swift */ = {isa = PBXFileReference; lastKnownFileType = sourcecode.swift; path = AppDelegate.swift; sourceTree = "<group>"; };
		80F2C57B2038808000212739 /* ViewController.swift */ = {isa = PBXFileReference; lastKnownFileType = sourcecode.swift; path = ViewController.swift; sourceTree = "<group>"; };
		80F2C57E2038808000212739 /* TenTunes.xcdatamodel */ = {isa = PBXFileReference; lastKnownFileType = wrapper.xcdatamodel; path = TenTunes.xcdatamodel; sourceTree = "<group>"; };
		80F2C5802038808000212739 /* Assets.xcassets */ = {isa = PBXFileReference; lastKnownFileType = folder.assetcatalog; path = Assets.xcassets; sourceTree = "<group>"; };
		80F2C5832038808000212739 /* Base */ = {isa = PBXFileReference; lastKnownFileType = file.storyboard; name = Base; path = Base.lproj/Main.storyboard; sourceTree = "<group>"; };
		80F2C5852038808000212739 /* Info.plist */ = {isa = PBXFileReference; lastKnownFileType = text.plist.xml; path = Info.plist; sourceTree = "<group>"; };
		80F2C5862038808000212739 /* TenTunes.entitlements */ = {isa = PBXFileReference; lastKnownFileType = text.plist.entitlements; path = TenTunes.entitlements; sourceTree = "<group>"; };
		80F2C58E20389B9B00212739 /* TrackSpectrumView.swift */ = {isa = PBXFileReference; lastKnownFileType = sourcecode.swift; path = TrackSpectrumView.swift; sourceTree = "<group>"; };
		80F2C5902038A80D00212739 /* Track.swift */ = {isa = PBXFileReference; lastKnownFileType = sourcecode.swift; path = Track.swift; sourceTree = "<group>"; };
/* End PBXFileReference section */

/* Begin PBXFrameworksBuildPhase section */
		80F2C5732038808000212739 /* Frameworks */ = {
			isa = PBXFrameworksBuildPhase;
			buildActionMask = 2147483647;
			files = (
			);
			runOnlyForDeploymentPostprocessing = 0;
		};
/* End PBXFrameworksBuildPhase section */

/* Begin PBXGroup section */
		80F2C56D2038808000212739 = {
			isa = PBXGroup;
			children = (
				80F2C5782038808000212739 /* TenTunes */,
				80F2C5772038808000212739 /* Products */,
			);
			sourceTree = "<group>";
		};
		80F2C5772038808000212739 /* Products */ = {
			isa = PBXGroup;
			children = (
				80F2C5762038808000212739 /* TenTunes.app */,
			);
			name = Products;
			sourceTree = "<group>";
		};
		80F2C5782038808000212739 /* TenTunes */ = {
			isa = PBXGroup;
			children = (
				80F2C5792038808000212739 /* AppDelegate.swift */,
				80F2C57B2038808000212739 /* ViewController.swift */,
				80F2C5902038A80D00212739 /* Track.swift */,
				80F2C58E20389B9B00212739 /* TrackSpectrumView.swift */,
				80F2C5802038808000212739 /* Assets.xcassets */,
				80F2C5822038808000212739 /* Main.storyboard */,
				80F2C5852038808000212739 /* Info.plist */,
				80F2C5862038808000212739 /* TenTunes.entitlements */,
				80F2C57D2038808000212739 /* TenTunes.xcdatamodeld */,
			);
			path = TenTunes;
			sourceTree = "<group>";
		};
/* End PBXGroup section */

/* Begin PBXNativeTarget section */
		80F2C5752038808000212739 /* TenTunes */ = {
			isa = PBXNativeTarget;
			buildConfigurationList = 80F2C5892038808000212739 /* Build configuration list for PBXNativeTarget "TenTunes" */;
			buildPhases = (
				80F2C5722038808000212739 /* Sources */,
				80F2C5732038808000212739 /* Frameworks */,
				80F2C5742038808000212739 /* Resources */,
			);
			buildRules = (
			);
			dependencies = (
			);
			name = TenTunes;
			productName = TenTunes;
			productReference = 80F2C5762038808000212739 /* TenTunes.app */;
			productType = "com.apple.product-type.application";
		};
/* End PBXNativeTarget section */

/* Begin PBXProject section */
		80F2C56E2038808000212739 /* Project object */ = {
			isa = PBXProject;
			attributes = {
				LastSwiftUpdateCheck = 0920;
				LastUpgradeCheck = 0920;
				ORGANIZATIONNAME = ivorius;
				TargetAttributes = {
					80F2C5752038808000212739 = {
						CreatedOnToolsVersion = 9.2;
						ProvisioningStyle = Automatic;
						SystemCapabilities = {
							com.apple.Sandbox = {
								enabled = 0;
							};
						};
					};
				};
			};
			buildConfigurationList = 80F2C5712038808000212739 /* Build configuration list for PBXProject "TenTunes" */;
			compatibilityVersion = "Xcode 8.0";
			developmentRegion = en;
			hasScannedForEncodings = 0;
			knownRegions = (
				en,
				Base,
			);
			mainGroup = 80F2C56D2038808000212739;
			productRefGroup = 80F2C5772038808000212739 /* Products */;
			projectDirPath = "";
			projectRoot = "";
			targets = (
				80F2C5752038808000212739 /* TenTunes */,
			);
		};
/* End PBXProject section */

/* Begin PBXResourcesBuildPhase section */
		80F2C5742038808000212739 /* Resources */ = {
			isa = PBXResourcesBuildPhase;
			buildActionMask = 2147483647;
			files = (
				80F2C5812038808000212739 /* Assets.xcassets in Resources */,
				80F2C5842038808000212739 /* Main.storyboard in Resources */,
			);
			runOnlyForDeploymentPostprocessing = 0;
		};
/* End PBXResourcesBuildPhase section */

/* Begin PBXSourcesBuildPhase section */
		80F2C5722038808000212739 /* Sources */ = {
			isa = PBXSourcesBuildPhase;
			buildActionMask = 2147483647;
			files = (
				80F2C57C2038808000212739 /* ViewController.swift in Sources */,
				80F2C5912038A80D00212739 /* Track.swift in Sources */,
				80F2C58F20389B9B00212739 /* TrackSpectrumView.swift in Sources */,
				80F2C57F2038808000212739 /* TenTunes.xcdatamodeld in Sources */,
				80F2C57A2038808000212739 /* AppDelegate.swift in Sources */,
			);
			runOnlyForDeploymentPostprocessing = 0;
		};
/* End PBXSourcesBuildPhase section */

/* Begin PBXVariantGroup section */
		80F2C5822038808000212739 /* Main.storyboard */ = {
			isa = PBXVariantGroup;
			children = (
				80F2C5832038808000212739 /* Base */,
			);
			name = Main.storyboard;
			sourceTree = "<group>";
		};
/* End PBXVariantGroup section */

/* Begin XCBuildConfiguration section */
		80F2C5872038808000212739 /* Debug */ = {
			isa = XCBuildConfiguration;
			buildSettings = {
				ALWAYS_SEARCH_USER_PATHS = NO;
				CLANG_ANALYZER_NONNULL = YES;
				CLANG_ANALYZER_NUMBER_OBJECT_CONVERSION = YES_AGGRESSIVE;
				CLANG_CXX_LANGUAGE_STANDARD = "gnu++14";
				CLANG_CXX_LIBRARY = "libc++";
				CLANG_ENABLE_MODULES = YES;
				CLANG_ENABLE_OBJC_ARC = YES;
				CLANG_WARN_BLOCK_CAPTURE_AUTORELEASING = YES;
				CLANG_WARN_BOOL_CONVERSION = YES;
				CLANG_WARN_COMMA = YES;
				CLANG_WARN_CONSTANT_CONVERSION = YES;
				CLANG_WARN_DIRECT_OBJC_ISA_USAGE = YES_ERROR;
				CLANG_WARN_DOCUMENTATION_COMMENTS = YES;
				CLANG_WARN_EMPTY_BODY = YES;
				CLANG_WARN_ENUM_CONVERSION = YES;
				CLANG_WARN_INFINITE_RECURSION = YES;
				CLANG_WARN_INT_CONVERSION = YES;
				CLANG_WARN_NON_LITERAL_NULL_CONVERSION = YES;
				CLANG_WARN_OBJC_LITERAL_CONVERSION = YES;
				CLANG_WARN_OBJC_ROOT_CLASS = YES_ERROR;
				CLANG_WARN_RANGE_LOOP_ANALYSIS = YES;
				CLANG_WARN_STRICT_PROTOTYPES = YES;
				CLANG_WARN_SUSPICIOUS_MOVE = YES;
				CLANG_WARN_UNGUARDED_AVAILABILITY = YES_AGGRESSIVE;
				CLANG_WARN_UNREACHABLE_CODE = YES;
				CLANG_WARN__DUPLICATE_METHOD_MATCH = YES;
				CODE_SIGN_IDENTITY = "-";
				COPY_PHASE_STRIP = NO;
				DEBUG_INFORMATION_FORMAT = dwarf;
				ENABLE_STRICT_OBJC_MSGSEND = YES;
				ENABLE_TESTABILITY = YES;
				GCC_C_LANGUAGE_STANDARD = gnu11;
				GCC_DYNAMIC_NO_PIC = NO;
				GCC_NO_COMMON_BLOCKS = YES;
				GCC_OPTIMIZATION_LEVEL = 0;
				GCC_PREPROCESSOR_DEFINITIONS = (
					"DEBUG=1",
					"$(inherited)",
				);
				GCC_WARN_64_TO_32_BIT_CONVERSION = YES;
				GCC_WARN_ABOUT_RETURN_TYPE = YES_ERROR;
				GCC_WARN_UNDECLARED_SELECTOR = YES;
				GCC_WARN_UNINITIALIZED_AUTOS = YES_AGGRESSIVE;
				GCC_WARN_UNUSED_FUNCTION = YES;
				GCC_WARN_UNUSED_VARIABLE = YES;
				MACOSX_DEPLOYMENT_TARGET = 10.13;
				MTL_ENABLE_DEBUG_INFO = YES;
				ONLY_ACTIVE_ARCH = YES;
				SDKROOT = macosx;
				SWIFT_ACTIVE_COMPILATION_CONDITIONS = DEBUG;
				SWIFT_OPTIMIZATION_LEVEL = "-Onone";
			};
			name = Debug;
		};
		80F2C5882038808000212739 /* Release */ = {
			isa = XCBuildConfiguration;
			buildSettings = {
				ALWAYS_SEARCH_USER_PATHS = NO;
				CLANG_ANALYZER_NONNULL = YES;
				CLANG_ANALYZER_NUMBER_OBJECT_CONVERSION = YES_AGGRESSIVE;
				CLANG_CXX_LANGUAGE_STANDARD = "gnu++14";
				CLANG_CXX_LIBRARY = "libc++";
				CLANG_ENABLE_MODULES = YES;
				CLANG_ENABLE_OBJC_ARC = YES;
				CLANG_WARN_BLOCK_CAPTURE_AUTORELEASING = YES;
				CLANG_WARN_BOOL_CONVERSION = YES;
				CLANG_WARN_COMMA = YES;
				CLANG_WARN_CONSTANT_CONVERSION = YES;
				CLANG_WARN_DIRECT_OBJC_ISA_USAGE = YES_ERROR;
				CLANG_WARN_DOCUMENTATION_COMMENTS = YES;
				CLANG_WARN_EMPTY_BODY = YES;
				CLANG_WARN_ENUM_CONVERSION = YES;
				CLANG_WARN_INFINITE_RECURSION = YES;
				CLANG_WARN_INT_CONVERSION = YES;
				CLANG_WARN_NON_LITERAL_NULL_CONVERSION = YES;
				CLANG_WARN_OBJC_LITERAL_CONVERSION = YES;
				CLANG_WARN_OBJC_ROOT_CLASS = YES_ERROR;
				CLANG_WARN_RANGE_LOOP_ANALYSIS = YES;
				CLANG_WARN_STRICT_PROTOTYPES = YES;
				CLANG_WARN_SUSPICIOUS_MOVE = YES;
				CLANG_WARN_UNGUARDED_AVAILABILITY = YES_AGGRESSIVE;
				CLANG_WARN_UNREACHABLE_CODE = YES;
				CLANG_WARN__DUPLICATE_METHOD_MATCH = YES;
				CODE_SIGN_IDENTITY = "-";
				COPY_PHASE_STRIP = NO;
				DEBUG_INFORMATION_FORMAT = "dwarf-with-dsym";
				ENABLE_NS_ASSERTIONS = NO;
				ENABLE_STRICT_OBJC_MSGSEND = YES;
				GCC_C_LANGUAGE_STANDARD = gnu11;
				GCC_NO_COMMON_BLOCKS = YES;
				GCC_WARN_64_TO_32_BIT_CONVERSION = YES;
				GCC_WARN_ABOUT_RETURN_TYPE = YES_ERROR;
				GCC_WARN_UNDECLARED_SELECTOR = YES;
				GCC_WARN_UNINITIALIZED_AUTOS = YES_AGGRESSIVE;
				GCC_WARN_UNUSED_FUNCTION = YES;
				GCC_WARN_UNUSED_VARIABLE = YES;
				MACOSX_DEPLOYMENT_TARGET = 10.13;
				MTL_ENABLE_DEBUG_INFO = NO;
				SDKROOT = macosx;
				SWIFT_OPTIMIZATION_LEVEL = "-Owholemodule";
			};
			name = Release;
		};
		80F2C58A2038808000212739 /* Debug */ = {
			isa = XCBuildConfiguration;
			buildSettings = {
				ASSETCATALOG_COMPILER_APPICON_NAME = AppIcon;
				CODE_SIGN_STYLE = Automatic;
				COMBINE_HIDPI_IMAGES = YES;
				INFOPLIST_FILE = TenTunes/Info.plist;
				LD_RUNPATH_SEARCH_PATHS = "$(inherited) @executable_path/../Frameworks";
				PRODUCT_BUNDLE_IDENTIFIER = ivorius.TenTunes;
				PRODUCT_NAME = "$(TARGET_NAME)";
				SWIFT_VERSION = 4.0;
			};
			name = Debug;
		};
		80F2C58B2038808000212739 /* Release */ = {
			isa = XCBuildConfiguration;
			buildSettings = {
				ASSETCATALOG_COMPILER_APPICON_NAME = AppIcon;
				CODE_SIGN_STYLE = Automatic;
				COMBINE_HIDPI_IMAGES = YES;
				INFOPLIST_FILE = TenTunes/Info.plist;
				LD_RUNPATH_SEARCH_PATHS = "$(inherited) @executable_path/../Frameworks";
				PRODUCT_BUNDLE_IDENTIFIER = ivorius.TenTunes;
				PRODUCT_NAME = "$(TARGET_NAME)";
				SWIFT_VERSION = 4.0;
			};
			name = Release;
		};
/* End XCBuildConfiguration section */

/* Begin XCConfigurationList section */
		80F2C5712038808000212739 /* Build configuration list for PBXProject "TenTunes" */ = {
			isa = XCConfigurationList;
			buildConfigurations = (
				80F2C5872038808000212739 /* Debug */,
				80F2C5882038808000212739 /* Release */,
			);
			defaultConfigurationIsVisible = 0;
			defaultConfigurationName = Release;
		};
		80F2C5892038808000212739 /* Build configuration list for PBXNativeTarget "TenTunes" */ = {
			isa = XCConfigurationList;
			buildConfigurations = (
				80F2C58A2038808000212739 /* Debug */,
				80F2C58B2038808000212739 /* Release */,
			);
			defaultConfigurationIsVisible = 0;
			defaultConfigurationName = Release;
		};
/* End XCConfigurationList section */

/* Begin XCVersionGroup section */
		80F2C57D2038808000212739 /* TenTunes.xcdatamodeld */ = {
			isa = XCVersionGroup;
			children = (
				80F2C57E2038808000212739 /* TenTunes.xcdatamodel */,
			);
			currentVersion = 80F2C57E2038808000212739 /* TenTunes.xcdatamodel */;
			path = TenTunes.xcdatamodeld;
			sourceTree = "<group>";
			versionGroupType = wrapper.xcdatamodel;
		};
/* End XCVersionGroup section */
	};
	rootObject = 80F2C56E2038808000212739 /* Project object */;
}
