// !$*UTF8*$!
{
	archiveVersion = 1;
	classes = {
	};
	objectVersion = 48;
	objects = {

/* Begin PBXBuildFile section */
		0418D7C40668030CCFCB5446 /* Pods_TenTunes.framework in Frameworks */ = {isa = PBXBuildFile; fileRef = F519690AE56FC5800E060F88 /* Pods_TenTunes.framework */; };
		800134A8213835C0001FB5CE /* TagLibFile.mm in Sources */ = {isa = PBXBuildFile; fileRef = 800134A7213835C0001FB5CE /* TagLibFile.mm */; };
		80074CF9204583CF0055B87E /* TrackController.xib in Resources */ = {isa = PBXBuildFile; fileRef = 80074CF7204583CF0055B87E /* TrackController.xib */; };
		80074CFD204584980055B87E /* PlaylistController.xib in Resources */ = {isa = PBXBuildFile; fileRef = 80074CFB204584980055B87E /* PlaylistController.xib */; };
		80074CFF2046BB0C0055B87E /* QuartzCore.framework in Frameworks */ = {isa = PBXBuildFile; fileRef = 80074CFE2046BB0B0055B87E /* QuartzCore.framework */; };
		8013720E203F7C9C00CA9036 /* AudioKit.framework in Frameworks */ = {isa = PBXBuildFile; fileRef = 8013720C203F7C9C00CA9036 /* AudioKit.framework */; };
		8013720F203F7C9C00CA9036 /* AudioKitUI.framework in Frameworks */ = {isa = PBXBuildFile; fileRef = 8013720D203F7C9C00CA9036 /* AudioKitUI.framework */; };
		801621332067B71B00093B15 /* ViewController+Updates.swift in Sources */ = {isa = PBXBuildFile; fileRef = 801621322067B71B00093B15 /* ViewController+Updates.swift */; };
		8017685920743898000DD433 /* NSImageViewAspectFill.swift in Sources */ = {isa = PBXBuildFile; fileRef = 8017685820743898000DD433 /* NSImageViewAspectFill.swift */; };
		8026241620FF445F009D7988 /* TTTokenField.swift in Sources */ = {isa = PBXBuildFile; fileRef = 8026241520FF445F009D7988 /* TTTokenField.swift */; };
		8030E00120FC8F0C006B4AE8 /* ActionTableView.swift in Sources */ = {isa = PBXBuildFile; fileRef = 8030E00020FC8F0C006B4AE8 /* ActionTableView.swift */; };
		8030E00720FC9749006B4AE8 /* Task.swift in Sources */ = {isa = PBXBuildFile; fileRef = 8030E00620FC9749006B4AE8 /* Task.swift */; };
		8030E00920FC9A91006B4AE8 /* SwiftPriorityQueue.swift in Sources */ = {isa = PBXBuildFile; fileRef = 8030E00820FC9A91006B4AE8 /* SwiftPriorityQueue.swift */; };
		8030E00D20FCA04C006B4AE8 /* UpdateCurrentPlaylist.swift in Sources */ = {isa = PBXBuildFile; fileRef = 8030E00C20FCA04C006B4AE8 /* UpdateCurrentPlaylist.swift */; };
		8030E00F20FCB12C006B4AE8 /* AnalyzeTrack.swift in Sources */ = {isa = PBXBuildFile; fileRef = 8030E00E20FCB12C006B4AE8 /* AnalyzeTrack.swift */; };
		8030E01120FCB33C006B4AE8 /* FetchTrackMetadata.swift in Sources */ = {isa = PBXBuildFile; fileRef = 8030E01020FCB33C006B4AE8 /* FetchTrackMetadata.swift */; };
		8030E01420FCBDAA006B4AE8 /* TaskViewController.swift in Sources */ = {isa = PBXBuildFile; fileRef = 8030E01220FCBDAA006B4AE8 /* TaskViewController.swift */; };
		8030E01520FCBDAA006B4AE8 /* TaskViewController.xib in Resources */ = {isa = PBXBuildFile; fileRef = 8030E01320FCBDAA006B4AE8 /* TaskViewController.xib */; };
		8030E01720FE2C3B006B4AE8 /* Alerts.swift in Sources */ = {isa = PBXBuildFile; fileRef = 8030E01620FE2C3B006B4AE8 /* Alerts.swift */; };
		8030E01920FE33D2006B4AE8 /* ExportPlaylists.swift in Sources */ = {isa = PBXBuildFile; fileRef = 8030E01820FE33D2006B4AE8 /* ExportPlaylists.swift */; };
		8030E01B20FE7AAC006B4AE8 /* MoveTrackToMediaLocation.swift in Sources */ = {isa = PBXBuildFile; fileRef = 8030E01A20FE7AAC006B4AE8 /* MoveTrackToMediaLocation.swift */; };
		803717292043629800DB9EAA /* ViewController+Background.swift in Sources */ = {isa = PBXBuildFile; fileRef = 803717282043629700DB9EAA /* ViewController+Background.swift */; };
		803E972F20C7EF2C00D46565 /* LazyMap.swift in Sources */ = {isa = PBXBuildFile; fileRef = 803E972E20C7EF2C00D46565 /* LazyMap.swift */; };
		8046CDA3204EF1ED00E732E7 /* TitleSubtitleCellView.swift in Sources */ = {isa = PBXBuildFile; fileRef = 8046CDA2204EF1ED00E732E7 /* TitleSubtitleCellView.swift */; };
		8055FE7E20C947A300559F45 /* Volumes.swift in Sources */ = {isa = PBXBuildFile; fileRef = 8055FE7D20C947A300559F45 /* Volumes.swift */; };
		8058FA8F204317080086FF8A /* libSuperpoweredAudioOSX.a in Frameworks */ = {isa = PBXBuildFile; fileRef = 8058FA8E204317080086FF8A /* libSuperpoweredAudioOSX.a */; };
		8058FABC20432A730086FF8A /* MediaKeyTap.framework in Frameworks */ = {isa = PBXBuildFile; fileRef = 8058FABB20432A730086FF8A /* MediaKeyTap.framework */; };
		8058FABE20432D3D0086FF8A /* MediaKeyTap.framework in Embed Frameworks */ = {isa = PBXBuildFile; fileRef = 8058FABB20432A730086FF8A /* MediaKeyTap.framework */; settings = {ATTRIBUTES = (CodeSignOnCopy, RemoveHeadersOnCopy, ); }; };
		8058FAC02043409F0086FF8A /* VibrantTableRowView.swift in Sources */ = {isa = PBXBuildFile; fileRef = 8058FABF2043409F0086FF8A /* VibrantTableRowView.swift */; };
		806611812124622100C3948E /* Library.storyboard in Resources */ = {isa = PBXBuildFile; fileRef = 80D8A0FC212460BE003E1F11 /* Library.storyboard */; };
		8066118A2125B9BF00C3948E /* TrackEditor+Tags.swift in Sources */ = {isa = PBXBuildFile; fileRef = 806611892125B9BF00C3948E /* TrackEditor+Tags.swift */; };
		806AC1332040D7C700857B1B /* PlayHistory.swift in Sources */ = {isa = PBXBuildFile; fileRef = 806AC1322040D7C700857B1B /* PlayHistory.swift */; };
		806AC13A2041EDD900857B1B /* AVFoundation.framework in Frameworks */ = {isa = PBXBuildFile; fileRef = 806AC1392041EDD900857B1B /* AVFoundation.framework */; };
		806AC13C2041EDE500857B1B /* CoreMedia.framework in Frameworks */ = {isa = PBXBuildFile; fileRef = 806AC13B2041EDE500857B1B /* CoreMedia.framework */; };
		806AC13E2041EDEE00857B1B /* AudioToolbox.framework in Frameworks */ = {isa = PBXBuildFile; fileRef = 806AC13D2041EDEE00857B1B /* AudioToolbox.framework */; };
		806AC1432041EF1900857B1B /* SPAnalyzer.mm in Sources */ = {isa = PBXBuildFile; fileRef = 806AC1422041EF1900857B1B /* SPAnalyzer.mm */; };
		806AC1482041F73300857B1B /* libtaglib.a in Frameworks */ = {isa = PBXBuildFile; fileRef = 80C0C2A4203F6DCA00FA6083 /* libtaglib.a */; };
		806C5B2620423AC000C34F49 /* SPInterpreter.swift in Sources */ = {isa = PBXBuildFile; fileRef = 806C5B2520423AC000C34F49 /* SPInterpreter.swift */; };
		806EFC22204B63620079DBAA /* PlaylistLibrary.swift in Sources */ = {isa = PBXBuildFile; fileRef = 806EFC21204B63620079DBAA /* PlaylistLibrary.swift */; };
		806EFC27204B65C10079DBAA /* PlaylistProtocol.swift in Sources */ = {isa = PBXBuildFile; fileRef = 806EFC26204B65C10079DBAA /* PlaylistProtocol.swift */; };
		807092EB20C69D8F00DFED53 /* ExportPlaylistsController.swift in Sources */ = {isa = PBXBuildFile; fileRef = 807092E920C69D8F00DFED53 /* ExportPlaylistsController.swift */; };
		807092EC20C69D8F00DFED53 /* ExportPlaylistsController.xib in Resources */ = {isa = PBXBuildFile; fileRef = 807092EA20C69D8F00DFED53 /* ExportPlaylistsController.xib */; };
		8074044921367A1F007E0B4C /* Artist.swift in Sources */ = {isa = PBXBuildFile; fileRef = 8074044821367A1F007E0B4C /* Artist.swift */; };
		8074044C2136CE68007E0B4C /* Interpolation.swift in Sources */ = {isa = PBXBuildFile; fileRef = 8074044B2136CE68007E0B4C /* Interpolation.swift */; };
		8079F6D32106551100B7A278 /* SmartPlaylistRulesController.swift in Sources */ = {isa = PBXBuildFile; fileRef = 8079F6D12106551100B7A278 /* SmartPlaylistRulesController.swift */; };
		8079F6D42106551100B7A278 /* SmartPlaylistRulesController.xib in Resources */ = {isa = PBXBuildFile; fileRef = 8079F6D22106551100B7A278 /* SmartPlaylistRulesController.xib */; };
		8079F6D72106661A00B7A278 /* HideableBar.swift in Sources */ = {isa = PBXBuildFile; fileRef = 8079F6D52106661A00B7A278 /* HideableBar.swift */; };
		8079F6D82106661A00B7A278 /* HideableBar.xib in Resources */ = {isa = PBXBuildFile; fileRef = 8079F6D62106661A00B7A278 /* HideableBar.xib */; };
		8079F6DB2106745600B7A278 /* CartesianRulesController.swift in Sources */ = {isa = PBXBuildFile; fileRef = 8079F6D92106745600B7A278 /* CartesianRulesController.swift */; };
		8079F6DC2106745600B7A278 /* CartesianRulesController.xib in Resources */ = {isa = PBXBuildFile; fileRef = 8079F6DA2106745600B7A278 /* CartesianRulesController.xib */; };
		8079F6DE210674F700B7A278 /* CartesianRules.swift in Sources */ = {isa = PBXBuildFile; fileRef = 8079F6DD210674F700B7A278 /* CartesianRules.swift */; };
		8079F6E0210A268900B7A278 /* Track+Metadata.swift in Sources */ = {isa = PBXBuildFile; fileRef = 8079F6DF210A268900B7A278 /* Track+Metadata.swift */; };
		8079F6E4210A2C5400B7A278 /* PlaylistRules+Tokens.swift in Sources */ = {isa = PBXBuildFile; fileRef = 8079F6E3210A2C5300B7A278 /* PlaylistRules+Tokens.swift */; };
		8079F6E8211B015B00B7A278 /* RecursionGuard.swift in Sources */ = {isa = PBXBuildFile; fileRef = 8079F6E7211B015B00B7A278 /* RecursionGuard.swift */; };
		8079F6EA211B822900B7A278 /* UnscalingMenu.swift in Sources */ = {isa = PBXBuildFile; fileRef = 8079F6E9211B822900B7A278 /* UnscalingMenu.swift */; };
		8079F6EC211B87A700B7A278 /* SpinningButton.swift in Sources */ = {isa = PBXBuildFile; fileRef = 8079F6EB211B87A700B7A278 /* SpinningButton.swift */; };
		807E289E2101291B0080F332 /* SmartPlaylistRules.swift in Sources */ = {isa = PBXBuildFile; fileRef = 807E289D2101291B0080F332 /* SmartPlaylistRules.swift */; };
		807E4B47206428260051C028 /* ScrollableSlider.swift in Sources */ = {isa = PBXBuildFile; fileRef = 807E4B46206428260051C028 /* ScrollableSlider.swift */; };
		807F6A312101F986002048B1 /* PlaylistCartesian.swift in Sources */ = {isa = PBXBuildFile; fileRef = 807F6A302101F986002048B1 /* PlaylistCartesian.swift */; };
		807F6A342101F9EE002048B1 /* PlaylistCarthesian+CoreDataProperties.swift in Sources */ = {isa = PBXBuildFile; fileRef = 807F6A332101F9EE002048B1 /* PlaylistCarthesian+CoreDataProperties.swift */; };
		807F6A37210202A8002048B1 /* Library+Sanity.swift in Sources */ = {isa = PBXBuildFile; fileRef = 807F6A36210202A8002048B1 /* Library+Sanity.swift */; };
		80802586203EFCC0008D4168 /* Foundation+TT.swift in Sources */ = {isa = PBXBuildFile; fileRef = 80802585203EFCC0008D4168 /* Foundation+TT.swift */; };
		80802588203F0399008D4168 /* PlaylistController.swift in Sources */ = {isa = PBXBuildFile; fileRef = 80802587203F0399008D4168 /* PlaylistController.swift */; };
		808161CF2040520900AEA64F /* AVFoundationImporter.swift in Sources */ = {isa = PBXBuildFile; fileRef = 808161CE2040520900AEA64F /* AVFoundationImporter.swift */; };
		808161D2204059FE00AEA64F /* TrackController.swift in Sources */ = {isa = PBXBuildFile; fileRef = 808161D1204059FE00AEA64F /* TrackController.swift */; };
		8085DC7020C936D6008F4084 /* ActionStub.swift in Sources */ = {isa = PBXBuildFile; fileRef = 8085DC6F20C936D6008F4084 /* ActionStub.swift */; };
		8087A406206D933F003F1821 /* Analysis.swift in Sources */ = {isa = PBXBuildFile; fileRef = 8087A405206D933F003F1821 /* Analysis.swift */; };
		8087A494206597DC00CC9569 /* EnterReturningTextField.swift in Sources */ = {isa = PBXBuildFile; fileRef = 8087A493206597DC00CC9569 /* EnterReturningTextField.swift */; };
		8091B9FF20C6B7E50019CE23 /* Hash.swift in Sources */ = {isa = PBXBuildFile; fileRef = 8091B9FE20C6B7E50019CE23 /* Hash.swift */; };
		8093466E20A62249001D15CD /* PlaylistController+Pasteboard.swift in Sources */ = {isa = PBXBuildFile; fileRef = 8093466D20A62249001D15CD /* PlaylistController+Pasteboard.swift */; };
		8093467120A62319001D15CD /* TrackController+Pasteboard.swift in Sources */ = {isa = PBXBuildFile; fileRef = 8093467020A62319001D15CD /* TrackController+Pasteboard.swift */; };
		8093467320A628E1001D15CD /* Library+AudioFile.swift in Sources */ = {isa = PBXBuildFile; fileRef = 8093467220A628E1001D15CD /* Library+AudioFile.swift */; };
		8093467520A629A7001D15CD /* Library+Pasteboard.swift in Sources */ = {isa = PBXBuildFile; fileRef = 8093467420A629A7001D15CD /* Library+Pasteboard.swift */; };
		8093467720A99112001D15CD /* DefaultPreferences.plist in Resources */ = {isa = PBXBuildFile; fileRef = 8093467620A99112001D15CD /* DefaultPreferences.plist */; };
		80ADCD4A20442E1200AA9A89 /* Library.swift in Sources */ = {isa = PBXBuildFile; fileRef = 80ADCD4920442E1200AA9A89 /* Library.swift */; };
		80B3BE12207514D200B93961 /* Player.swift in Sources */ = {isa = PBXBuildFile; fileRef = 80B3BE11207514D200B93961 /* Player.swift */; };
		80B68B9E21011CC100A32E3D /* SMButtonWithMenu.m in Sources */ = {isa = PBXBuildFile; fileRef = 80B68B9D21011CC100A32E3D /* SMButtonWithMenu.m */; };
		80B68BA62101204200A32E3D /* PlaylistSmart+CoreDataProperties.swift in Sources */ = {isa = PBXBuildFile; fileRef = 80B68BA42101204200A32E3D /* PlaylistSmart+CoreDataProperties.swift */; };
		80B68BA72101204200A32E3D /* PlaylistSmart.swift in Sources */ = {isa = PBXBuildFile; fileRef = 80B68BA52101204200A32E3D /* PlaylistSmart.swift */; };
		80B68BA92101255D00A32E3D /* TrackController+Labels.swift in Sources */ = {isa = PBXBuildFile; fileRef = 80B68BA82101255D00A32E3D /* TrackController+Labels.swift */; };
		80B764562072F38D003BD7F8 /* PlaylistEmpty.swift in Sources */ = {isa = PBXBuildFile; fileRef = 80B764552072F38D003BD7F8 /* PlaylistEmpty.swift */; };
		80BF21C3212AD9D500B9F0AB /* History.swift in Sources */ = {isa = PBXBuildFile; fileRef = 80BF21C2212AD9D500B9F0AB /* History.swift */; };
		80C8559E210512B400177035 /* Album.swift in Sources */ = {isa = PBXBuildFile; fileRef = 80C8559D210512B400177035 /* Album.swift */; };
		80CB652C20514E050031A6D7 /* Library+Files.swift in Sources */ = {isa = PBXBuildFile; fileRef = 80CB652B20514E050031A6D7 /* Library+Files.swift */; };
		80CB652F2052C6CD0031A6D7 /* Operators.swift in Sources */ = {isa = PBXBuildFile; fileRef = 80CB652E2052C6CD0031A6D7 /* Operators.swift */; };
		80CB65332052C9530031A6D7 /* Cocoa+TT.swift in Sources */ = {isa = PBXBuildFile; fileRef = 80CB65322052C9530031A6D7 /* Cocoa+TT.swift */; };
		80CB65352052C9CC0031A6D7 /* CoreData+TT.swift in Sources */ = {isa = PBXBuildFile; fileRef = 80CB65342052C9CC0031A6D7 /* CoreData+TT.swift */; };
		80CED03C20C88055001E710F /* AVFoundation+TT.swift in Sources */ = {isa = PBXBuildFile; fileRef = 80CED03B20C88055001E710F /* AVFoundation+TT.swift */; };
		80CFDA0A203C4E2300C7A506 /* LazyVar.swift in Sources */ = {isa = PBXBuildFile; fileRef = 80CFDA09203C4E2300C7A506 /* LazyVar.swift */; };
		80E0885020FFB3A3001FFE26 /* TTWindow.swift in Sources */ = {isa = PBXBuildFile; fileRef = 80E0884F20FFB3A3001FFE26 /* TTWindow.swift */; };
		80E092A12066C42D000CA4D5 /* MediaLocation.swift in Sources */ = {isa = PBXBuildFile; fileRef = 80E092A02066C42D000CA4D5 /* MediaLocation.swift */; };
		80E2C9E0204AE18E00298E81 /* Track.swift in Sources */ = {isa = PBXBuildFile; fileRef = 80E2C9DC204AE18E00298E81 /* Track.swift */; };
		80E2C9E1204AE18E00298E81 /* Track+CoreDataProperties.swift in Sources */ = {isa = PBXBuildFile; fileRef = 80E2C9DD204AE18E00298E81 /* Track+CoreDataProperties.swift */; };
		80E2C9F7204B40A000298E81 /* Playlist.swift in Sources */ = {isa = PBXBuildFile; fileRef = 80E2C9F1204B40A000298E81 /* Playlist.swift */; };
		80E2C9F8204B40A000298E81 /* Playlist+CoreDataProperties.swift in Sources */ = {isa = PBXBuildFile; fileRef = 80E2C9F2204B40A000298E81 /* Playlist+CoreDataProperties.swift */; };
		80E2C9F9204B40A000298E81 /* PlaylistManual.swift in Sources */ = {isa = PBXBuildFile; fileRef = 80E2C9F3204B40A000298E81 /* PlaylistManual.swift */; };
		80E2C9FA204B40A000298E81 /* PlaylistManual+CoreDataProperties.swift in Sources */ = {isa = PBXBuildFile; fileRef = 80E2C9F4204B40A000298E81 /* PlaylistManual+CoreDataProperties.swift */; };
		80E2C9FB204B40A000298E81 /* PlaylistFolder.swift in Sources */ = {isa = PBXBuildFile; fileRef = 80E2C9F5204B40A000298E81 /* PlaylistFolder.swift */; };
		80E2C9FC204B40A000298E81 /* PlaylistFolder+CoreDataProperties.swift in Sources */ = {isa = PBXBuildFile; fileRef = 80E2C9F6204B40A000298E81 /* PlaylistFolder+CoreDataProperties.swift */; };
		80E4F9CB20A0DD4B0014532E /* Library+M3U.swift in Sources */ = {isa = PBXBuildFile; fileRef = 80E4F9CA20A0DD4B0014532E /* Library+M3U.swift */; };
		80E4F9CE20A0DD7E0014532E /* Library+iTunes.swift in Sources */ = {isa = PBXBuildFile; fileRef = 80E4F9CD20A0DD7E0014532E /* Library+iTunes.swift */; };
		80E6811B20573DC800DA5702 /* SimpleTransformer.swift in Sources */ = {isa = PBXBuildFile; fileRef = 80E6811A20573DC800DA5702 /* SimpleTransformer.swift */; };
		80E6811D2057479B00DA5702 /* ValueTransformers.swift in Sources */ = {isa = PBXBuildFile; fileRef = 80E6811C2057479B00DA5702 /* ValueTransformers.swift */; };
		80E937592039C2850014C835 /* Keycodes.swift in Sources */ = {isa = PBXBuildFile; fileRef = 80E937582039C2850014C835 /* Keycodes.swift */; };
		80F11E5920CA732E00331D12 /* Library+Symlink.swift in Sources */ = {isa = PBXBuildFile; fileRef = 80F11E5820CA732E00331D12 /* Library+Symlink.swift */; };
		80F2C57A2038808000212739 /* AppDelegate.swift in Sources */ = {isa = PBXBuildFile; fileRef = 80F2C5792038808000212739 /* AppDelegate.swift */; };
		80F2C57C2038808000212739 /* ViewController.swift in Sources */ = {isa = PBXBuildFile; fileRef = 80F2C57B2038808000212739 /* ViewController.swift */; };
		80F2C57F2038808000212739 /* TenTunes.xcdatamodeld in Sources */ = {isa = PBXBuildFile; fileRef = 80F2C57D2038808000212739 /* TenTunes.xcdatamodeld */; };
		80F2C5812038808000212739 /* Assets.xcassets in Resources */ = {isa = PBXBuildFile; fileRef = 80F2C5802038808000212739 /* Assets.xcassets */; };
		80F2C5842038808000212739 /* Main.storyboard in Resources */ = {isa = PBXBuildFile; fileRef = 80F2C5822038808000212739 /* Main.storyboard */; };
		80F2C58F20389B9B00212739 /* WaveformView.swift in Sources */ = {isa = PBXBuildFile; fileRef = 80F2C58E20389B9B00212739 /* WaveformView.swift */; };
		80F77BF5203D8B35001E397F /* Key.swift in Sources */ = {isa = PBXBuildFile; fileRef = 80F77BF4203D8B35001E397F /* Key.swift */; };
		80F854FF2069180A009A8FBE /* TrackController+RightClick.swift in Sources */ = {isa = PBXBuildFile; fileRef = 80F854FE2069180A009A8FBE /* TrackController+RightClick.swift */; };
		80F855012069183E009A8FBE /* TrackController+Menu.swift in Sources */ = {isa = PBXBuildFile; fileRef = 80F855002069183E009A8FBE /* TrackController+Menu.swift */; };
		80F855042069187D009A8FBE /* PlaylistController+Menu.swift in Sources */ = {isa = PBXBuildFile; fileRef = 80F855032069187D009A8FBE /* PlaylistController+Menu.swift */; };
		80F8550620691897009A8FBE /* PlaylistController+RightClick.swift in Sources */ = {isa = PBXBuildFile; fileRef = 80F8550520691897009A8FBE /* PlaylistController+RightClick.swift */; };
		80F8F6F32053EA2C004A07D6 /* TrackEditor.swift in Sources */ = {isa = PBXBuildFile; fileRef = 80F8F6F12053EA2C004A07D6 /* TrackEditor.swift */; };
		80F8F6F42053EA2C004A07D6 /* TrackEditor.xib in Resources */ = {isa = PBXBuildFile; fileRef = 80F8F6F22053EA2C004A07D6 /* TrackEditor.xib */; };
		80F97030209625E800A989D8 /* PreferencesWindowController.swift in Sources */ = {isa = PBXBuildFile; fileRef = 80F9702E209625E800A989D8 /* PreferencesWindowController.swift */; };
		80F97031209625E800A989D8 /* PreferencesWindowController.xib in Resources */ = {isa = PBXBuildFile; fileRef = 80F9702F209625E800A989D8 /* PreferencesWindowController.xib */; };
		80F9703320962EA200A989D8 /* PopupEnum.swift in Sources */ = {isa = PBXBuildFile; fileRef = 80F9703220962EA200A989D8 /* PopupEnum.swift */; };
/* End PBXBuildFile section */

/* Begin PBXContainerItemProxy section */
		80C0C2A3203F6DCA00FA6083 /* PBXContainerItemProxy */ = {
			isa = PBXContainerItemProxy;
			containerPortal = 80C0C29F203F6DCA00FA6083 /* taglib.xcodeproj */;
			proxyType = 2;
			remoteGlobalIDString = BB6A285A2006236900B8BB9A;
			remoteInfo = taglib;
		};
/* End PBXContainerItemProxy section */

/* Begin PBXCopyFilesBuildPhase section */
		8032A5BA2039FFD200A32D8D /* Embed Frameworks */ = {
			isa = PBXCopyFilesBuildPhase;
			buildActionMask = 2147483647;
			dstPath = "";
			dstSubfolderSpec = 10;
			files = (
				8058FABE20432D3D0086FF8A /* MediaKeyTap.framework in Embed Frameworks */,
			);
			name = "Embed Frameworks";
			runOnlyForDeploymentPostprocessing = 0;
		};
/* End PBXCopyFilesBuildPhase section */

/* Begin PBXFileReference section */
		1AF69E4F3445C52AF8BD712B /* Pods-TenTunes.release.xcconfig */ = {isa = PBXFileReference; includeInIndex = 1; lastKnownFileType = text.xcconfig; name = "Pods-TenTunes.release.xcconfig"; path = "Pods/Target Support Files/Pods-TenTunes/Pods-TenTunes.release.xcconfig"; sourceTree = "<group>"; };
		800134A6213835C0001FB5CE /* TagLibFile.h */ = {isa = PBXFileReference; lastKnownFileType = sourcecode.c.h; path = TagLibFile.h; sourceTree = "<group>"; };
		800134A7213835C0001FB5CE /* TagLibFile.mm */ = {isa = PBXFileReference; lastKnownFileType = sourcecode.cpp.objcpp; path = TagLibFile.mm; sourceTree = "<group>"; };
		80074CF7204583CF0055B87E /* TrackController.xib */ = {isa = PBXFileReference; lastKnownFileType = file.xib; path = TrackController.xib; sourceTree = "<group>"; };
		80074CFB204584980055B87E /* PlaylistController.xib */ = {isa = PBXFileReference; lastKnownFileType = file.xib; path = PlaylistController.xib; sourceTree = "<group>"; };
		80074CFE2046BB0B0055B87E /* QuartzCore.framework */ = {isa = PBXFileReference; lastKnownFileType = wrapper.framework; name = QuartzCore.framework; path = System/Library/Frameworks/QuartzCore.framework; sourceTree = SDKROOT; };
		8013720C203F7C9C00CA9036 /* AudioKit.framework */ = {isa = PBXFileReference; lastKnownFileType = wrapper.framework; name = AudioKit.framework; path = Carthage/Build/Mac/AudioKit.framework; sourceTree = SOURCE_ROOT; };
		8013720D203F7C9C00CA9036 /* AudioKitUI.framework */ = {isa = PBXFileReference; lastKnownFileType = wrapper.framework; name = AudioKitUI.framework; path = Carthage/Build/Mac/AudioKitUI.framework; sourceTree = SOURCE_ROOT; };
		801621322067B71B00093B15 /* ViewController+Updates.swift */ = {isa = PBXFileReference; lastKnownFileType = sourcecode.swift; path = "ViewController+Updates.swift"; sourceTree = "<group>"; };
		8017685820743898000DD433 /* NSImageViewAspectFill.swift */ = {isa = PBXFileReference; lastKnownFileType = sourcecode.swift; path = NSImageViewAspectFill.swift; sourceTree = "<group>"; };
		8026241520FF445F009D7988 /* TTTokenField.swift */ = {isa = PBXFileReference; lastKnownFileType = sourcecode.swift; path = TTTokenField.swift; sourceTree = "<group>"; };
		8030E00020FC8F0C006B4AE8 /* ActionTableView.swift */ = {isa = PBXFileReference; lastKnownFileType = sourcecode.swift; path = ActionTableView.swift; sourceTree = "<group>"; };
		8030E00620FC9749006B4AE8 /* Task.swift */ = {isa = PBXFileReference; lastKnownFileType = sourcecode.swift; path = Task.swift; sourceTree = "<group>"; };
		8030E00820FC9A91006B4AE8 /* SwiftPriorityQueue.swift */ = {isa = PBXFileReference; lastKnownFileType = sourcecode.swift; path = SwiftPriorityQueue.swift; sourceTree = "<group>"; };
		8030E00C20FCA04C006B4AE8 /* UpdateCurrentPlaylist.swift */ = {isa = PBXFileReference; lastKnownFileType = sourcecode.swift; path = UpdateCurrentPlaylist.swift; sourceTree = "<group>"; };
		8030E00E20FCB12C006B4AE8 /* AnalyzeTrack.swift */ = {isa = PBXFileReference; lastKnownFileType = sourcecode.swift; path = AnalyzeTrack.swift; sourceTree = "<group>"; };
		8030E01020FCB33C006B4AE8 /* FetchTrackMetadata.swift */ = {isa = PBXFileReference; lastKnownFileType = sourcecode.swift; path = FetchTrackMetadata.swift; sourceTree = "<group>"; };
		8030E01220FCBDAA006B4AE8 /* TaskViewController.swift */ = {isa = PBXFileReference; lastKnownFileType = sourcecode.swift; path = TaskViewController.swift; sourceTree = "<group>"; };
		8030E01320FCBDAA006B4AE8 /* TaskViewController.xib */ = {isa = PBXFileReference; lastKnownFileType = file.xib; path = TaskViewController.xib; sourceTree = "<group>"; };
		8030E01620FE2C3B006B4AE8 /* Alerts.swift */ = {isa = PBXFileReference; lastKnownFileType = sourcecode.swift; path = Alerts.swift; sourceTree = "<group>"; };
		8030E01820FE33D2006B4AE8 /* ExportPlaylists.swift */ = {isa = PBXFileReference; lastKnownFileType = sourcecode.swift; path = ExportPlaylists.swift; sourceTree = "<group>"; };
		8030E01A20FE7AAC006B4AE8 /* MoveTrackToMediaLocation.swift */ = {isa = PBXFileReference; lastKnownFileType = sourcecode.swift; path = MoveTrackToMediaLocation.swift; sourceTree = "<group>"; };
		803717282043629700DB9EAA /* ViewController+Background.swift */ = {isa = PBXFileReference; lastKnownFileType = sourcecode.swift; path = "ViewController+Background.swift"; sourceTree = "<group>"; };
		803E972E20C7EF2C00D46565 /* LazyMap.swift */ = {isa = PBXFileReference; lastKnownFileType = sourcecode.swift; path = LazyMap.swift; sourceTree = "<group>"; };
		8046CDA2204EF1ED00E732E7 /* TitleSubtitleCellView.swift */ = {isa = PBXFileReference; lastKnownFileType = sourcecode.swift; path = TitleSubtitleCellView.swift; sourceTree = "<group>"; };
		8055FE7D20C947A300559F45 /* Volumes.swift */ = {isa = PBXFileReference; lastKnownFileType = sourcecode.swift; path = Volumes.swift; sourceTree = "<group>"; };
		8058FA8E204317080086FF8A /* libSuperpoweredAudioOSX.a */ = {isa = PBXFileReference; lastKnownFileType = archive.ar; name = libSuperpoweredAudioOSX.a; path = ../../../../SuperpoweredSDK/Superpowered/libSuperpoweredAudioOSX.a; sourceTree = "<group>"; };
		8058FA902043172A0086FF8A /* SuperpoweredLimiter.h */ = {isa = PBXFileReference; fileEncoding = 4; lastKnownFileType = sourcecode.c.h; name = SuperpoweredLimiter.h; path = ../../../../SuperpoweredSDK/Superpowered/SuperpoweredLimiter.h; sourceTree = "<group>"; };
		8058FA922043172B0086FF8A /* SuperpoweredGate.h */ = {isa = PBXFileReference; fileEncoding = 4; lastKnownFileType = sourcecode.c.h; name = SuperpoweredGate.h; path = ../../../../SuperpoweredSDK/Superpowered/SuperpoweredGate.h; sourceTree = "<group>"; };
		8058FA932043172B0086FF8A /* SuperpoweredCompressor.h */ = {isa = PBXFileReference; fileEncoding = 4; lastKnownFileType = sourcecode.c.h; name = SuperpoweredCompressor.h; path = ../../../../SuperpoweredSDK/Superpowered/SuperpoweredCompressor.h; sourceTree = "<group>"; };
		8058FA942043172B0086FF8A /* SuperpoweredSpatializer.h */ = {isa = PBXFileReference; fileEncoding = 4; lastKnownFileType = sourcecode.c.h; name = SuperpoweredSpatializer.h; path = ../../../../SuperpoweredSDK/Superpowered/SuperpoweredSpatializer.h; sourceTree = "<group>"; };
		8058FA952043172B0086FF8A /* SuperpoweredFlanger.h */ = {isa = PBXFileReference; fileEncoding = 4; lastKnownFileType = sourcecode.c.h; name = SuperpoweredFlanger.h; path = ../../../../SuperpoweredSDK/Superpowered/SuperpoweredFlanger.h; sourceTree = "<group>"; };
		8058FA962043172C0086FF8A /* SuperpoweredAnalyzer.h */ = {isa = PBXFileReference; fileEncoding = 4; lastKnownFileType = sourcecode.c.h; name = SuperpoweredAnalyzer.h; path = ../../../../SuperpoweredSDK/Superpowered/SuperpoweredAnalyzer.h; sourceTree = "<group>"; };
		8058FA972043172C0086FF8A /* SuperpoweredCPU.h */ = {isa = PBXFileReference; fileEncoding = 4; lastKnownFileType = sourcecode.c.h; name = SuperpoweredCPU.h; path = ../../../../SuperpoweredSDK/Superpowered/SuperpoweredCPU.h; sourceTree = "<group>"; };
		8058FA982043172C0086FF8A /* Superpowered3BandEQ.h */ = {isa = PBXFileReference; fileEncoding = 4; lastKnownFileType = sourcecode.c.h; name = Superpowered3BandEQ.h; path = ../../../../SuperpoweredSDK/Superpowered/Superpowered3BandEQ.h; sourceTree = "<group>"; };
		8058FA9A2043172C0086FF8A /* SuperpoweredWhoosh.h */ = {isa = PBXFileReference; fileEncoding = 4; lastKnownFileType = sourcecode.c.h; name = SuperpoweredWhoosh.h; path = ../../../../SuperpoweredSDK/Superpowered/SuperpoweredWhoosh.h; sourceTree = "<group>"; };
		8058FA9B2043172C0086FF8A /* SuperpoweredFFT.h */ = {isa = PBXFileReference; fileEncoding = 4; lastKnownFileType = sourcecode.c.h; name = SuperpoweredFFT.h; path = ../../../../SuperpoweredSDK/Superpowered/SuperpoweredFFT.h; sourceTree = "<group>"; };
		8058FA9C2043172D0086FF8A /* SuperpoweredFX.h */ = {isa = PBXFileReference; fileEncoding = 4; lastKnownFileType = sourcecode.c.h; name = SuperpoweredFX.h; path = ../../../../SuperpoweredSDK/Superpowered/SuperpoweredFX.h; sourceTree = "<group>"; };
		8058FA9D2043172D0086FF8A /* SuperpoweredNBandEQ.h */ = {isa = PBXFileReference; fileEncoding = 4; lastKnownFileType = sourcecode.c.h; name = SuperpoweredNBandEQ.h; path = ../../../../SuperpoweredSDK/Superpowered/SuperpoweredNBandEQ.h; sourceTree = "<group>"; };
		8058FA9E2043172D0086FF8A /* SuperpoweredOSXAudioIO.mm */ = {isa = PBXFileReference; fileEncoding = 4; lastKnownFileType = sourcecode.cpp.objcpp; name = SuperpoweredOSXAudioIO.mm; path = ../../../../SuperpoweredSDK/Superpowered/SuperpoweredOSXAudioIO.mm; sourceTree = "<group>"; };
		8058FAA02043172D0086FF8A /* SuperpoweredReverb.h */ = {isa = PBXFileReference; fileEncoding = 4; lastKnownFileType = sourcecode.c.h; name = SuperpoweredReverb.h; path = ../../../../SuperpoweredSDK/Superpowered/SuperpoweredReverb.h; sourceTree = "<group>"; };
		8058FAA12043172E0086FF8A /* SuperpoweredSimple.h */ = {isa = PBXFileReference; fileEncoding = 4; lastKnownFileType = sourcecode.c.h; name = SuperpoweredSimple.h; path = ../../../../SuperpoweredSDK/Superpowered/SuperpoweredSimple.h; sourceTree = "<group>"; };
		8058FAA22043172E0086FF8A /* SuperpoweredAudioBuffers.h */ = {isa = PBXFileReference; fileEncoding = 4; lastKnownFileType = sourcecode.c.h; name = SuperpoweredAudioBuffers.h; path = ../../../../SuperpoweredSDK/Superpowered/SuperpoweredAudioBuffers.h; sourceTree = "<group>"; };
		8058FAA42043172E0086FF8A /* SuperpoweredEcho.h */ = {isa = PBXFileReference; fileEncoding = 4; lastKnownFileType = sourcecode.c.h; name = SuperpoweredEcho.h; path = ../../../../SuperpoweredSDK/Superpowered/SuperpoweredEcho.h; sourceTree = "<group>"; };
		8058FAA52043172F0086FF8A /* SuperpoweredFrequencyDomain.h */ = {isa = PBXFileReference; fileEncoding = 4; lastKnownFileType = sourcecode.c.h; name = SuperpoweredFrequencyDomain.h; path = ../../../../SuperpoweredSDK/Superpowered/SuperpoweredFrequencyDomain.h; sourceTree = "<group>"; };
		8058FAA62043172F0086FF8A /* SuperpoweredNBandEQ.cpp */ = {isa = PBXFileReference; fileEncoding = 4; lastKnownFileType = sourcecode.cpp.cpp; name = SuperpoweredNBandEQ.cpp; path = ../../../../SuperpoweredSDK/Superpowered/SuperpoweredNBandEQ.cpp; sourceTree = "<group>"; };
		8058FAA72043172F0086FF8A /* SuperpoweredFilter.h */ = {isa = PBXFileReference; fileEncoding = 4; lastKnownFileType = sourcecode.c.h; name = SuperpoweredFilter.h; path = ../../../../SuperpoweredSDK/Superpowered/SuperpoweredFilter.h; sourceTree = "<group>"; };
		8058FAA82043172F0086FF8A /* SuperpoweredRecorder.h */ = {isa = PBXFileReference; fileEncoding = 4; lastKnownFileType = sourcecode.c.h; name = SuperpoweredRecorder.h; path = ../../../../SuperpoweredSDK/Superpowered/SuperpoweredRecorder.h; sourceTree = "<group>"; };
		8058FAA9204317300086FF8A /* SuperpoweredBandpassFilterbank.h */ = {isa = PBXFileReference; fileEncoding = 4; lastKnownFileType = sourcecode.c.h; name = SuperpoweredBandpassFilterbank.h; path = ../../../../SuperpoweredSDK/Superpowered/SuperpoweredBandpassFilterbank.h; sourceTree = "<group>"; };
		8058FAAB204317300086FF8A /* SuperpoweredDecoder.h */ = {isa = PBXFileReference; fileEncoding = 4; lastKnownFileType = sourcecode.c.h; name = SuperpoweredDecoder.h; path = ../../../../SuperpoweredSDK/Superpowered/SuperpoweredDecoder.h; sourceTree = "<group>"; };
		8058FAAC204317310086FF8A /* SuperpoweredOSXAudioIO.h */ = {isa = PBXFileReference; fileEncoding = 4; lastKnownFileType = sourcecode.c.h; name = SuperpoweredOSXAudioIO.h; path = ../../../../SuperpoweredSDK/Superpowered/SuperpoweredOSXAudioIO.h; sourceTree = "<group>"; };
		8058FAAD204317310086FF8A /* SuperpoweredMixer.h */ = {isa = PBXFileReference; fileEncoding = 4; lastKnownFileType = sourcecode.c.h; name = SuperpoweredMixer.h; path = ../../../../SuperpoweredSDK/Superpowered/SuperpoweredMixer.h; sourceTree = "<group>"; };
		8058FAAE204317310086FF8A /* SuperpoweredRoll.h */ = {isa = PBXFileReference; fileEncoding = 4; lastKnownFileType = sourcecode.c.h; name = SuperpoweredRoll.h; path = ../../../../SuperpoweredSDK/Superpowered/SuperpoweredRoll.h; sourceTree = "<group>"; };
		8058FAAF204317320086FF8A /* SuperpoweredClipper.h */ = {isa = PBXFileReference; fileEncoding = 4; lastKnownFileType = sourcecode.c.h; name = SuperpoweredClipper.h; path = ../../../../SuperpoweredSDK/Superpowered/SuperpoweredClipper.h; sourceTree = "<group>"; };
		8058FAB0204317320086FF8A /* SuperpoweredAdvancedAudioPlayer.h */ = {isa = PBXFileReference; fileEncoding = 4; lastKnownFileType = sourcecode.c.h; name = SuperpoweredAdvancedAudioPlayer.h; path = ../../../../SuperpoweredSDK/Superpowered/SuperpoweredAdvancedAudioPlayer.h; sourceTree = "<group>"; };
		8058FAB1204317320086FF8A /* SuperpoweredTimeStretching.h */ = {isa = PBXFileReference; fileEncoding = 4; lastKnownFileType = sourcecode.c.h; name = SuperpoweredTimeStretching.h; path = ../../../../SuperpoweredSDK/Superpowered/SuperpoweredTimeStretching.h; sourceTree = "<group>"; };
		8058FAB2204317330086FF8A /* SuperpoweredResampler.h */ = {isa = PBXFileReference; fileEncoding = 4; lastKnownFileType = sourcecode.c.h; name = SuperpoweredResampler.h; path = ../../../../SuperpoweredSDK/Superpowered/SuperpoweredResampler.h; sourceTree = "<group>"; };
		8058FABB20432A730086FF8A /* MediaKeyTap.framework */ = {isa = PBXFileReference; lastKnownFileType = wrapper.framework; name = MediaKeyTap.framework; path = Carthage/Build/Mac/MediaKeyTap.framework; sourceTree = SOURCE_ROOT; };
		8058FABF2043409F0086FF8A /* VibrantTableRowView.swift */ = {isa = PBXFileReference; lastKnownFileType = sourcecode.swift; path = VibrantTableRowView.swift; sourceTree = "<group>"; };
		806611892125B9BF00C3948E /* TrackEditor+Tags.swift */ = {isa = PBXFileReference; lastKnownFileType = sourcecode.swift; path = "TrackEditor+Tags.swift"; sourceTree = "<group>"; };
		806AC1322040D7C700857B1B /* PlayHistory.swift */ = {isa = PBXFileReference; lastKnownFileType = sourcecode.swift; path = PlayHistory.swift; sourceTree = "<group>"; };
		806AC1372041EC8400857B1B /* libSuperpoweredAudioOSX.a */ = {isa = PBXFileReference; lastKnownFileType = archive.ar; name = libSuperpoweredAudioOSX.a; path = ../../../SuperpoweredSDK/Superpowered/libSuperpoweredAudioOSX.a; sourceTree = "<group>"; };
		806AC1392041EDD900857B1B /* AVFoundation.framework */ = {isa = PBXFileReference; lastKnownFileType = wrapper.framework; name = AVFoundation.framework; path = System/Library/Frameworks/AVFoundation.framework; sourceTree = SDKROOT; };
		806AC13B2041EDE500857B1B /* CoreMedia.framework */ = {isa = PBXFileReference; lastKnownFileType = wrapper.framework; name = CoreMedia.framework; path = System/Library/Frameworks/CoreMedia.framework; sourceTree = SDKROOT; };
		806AC13D2041EDEE00857B1B /* AudioToolbox.framework */ = {isa = PBXFileReference; lastKnownFileType = wrapper.framework; name = AudioToolbox.framework; path = System/Library/Frameworks/AudioToolbox.framework; sourceTree = SDKROOT; };
		806AC1412041EF1900857B1B /* SPAnalyzer.h */ = {isa = PBXFileReference; lastKnownFileType = sourcecode.c.h; path = SPAnalyzer.h; sourceTree = "<group>"; };
		806AC1422041EF1900857B1B /* SPAnalyzer.mm */ = {isa = PBXFileReference; lastKnownFileType = sourcecode.cpp.objcpp; path = SPAnalyzer.mm; sourceTree = "<group>"; };
		806C5B2520423AC000C34F49 /* SPInterpreter.swift */ = {isa = PBXFileReference; lastKnownFileType = sourcecode.swift; path = SPInterpreter.swift; sourceTree = "<group>"; };
		806EFC21204B63620079DBAA /* PlaylistLibrary.swift */ = {isa = PBXFileReference; lastKnownFileType = sourcecode.swift; path = PlaylistLibrary.swift; sourceTree = "<group>"; };
		806EFC26204B65C10079DBAA /* PlaylistProtocol.swift */ = {isa = PBXFileReference; lastKnownFileType = sourcecode.swift; path = PlaylistProtocol.swift; sourceTree = "<group>"; };
		807092E920C69D8F00DFED53 /* ExportPlaylistsController.swift */ = {isa = PBXFileReference; lastKnownFileType = sourcecode.swift; path = ExportPlaylistsController.swift; sourceTree = "<group>"; };
		807092EA20C69D8F00DFED53 /* ExportPlaylistsController.xib */ = {isa = PBXFileReference; lastKnownFileType = file.xib; path = ExportPlaylistsController.xib; sourceTree = "<group>"; };
		8074044821367A1F007E0B4C /* Artist.swift */ = {isa = PBXFileReference; lastKnownFileType = sourcecode.swift; path = Artist.swift; sourceTree = "<group>"; };
		8074044B2136CE68007E0B4C /* Interpolation.swift */ = {isa = PBXFileReference; lastKnownFileType = sourcecode.swift; path = Interpolation.swift; sourceTree = "<group>"; };
		8079F6D12106551100B7A278 /* SmartPlaylistRulesController.swift */ = {isa = PBXFileReference; lastKnownFileType = sourcecode.swift; path = SmartPlaylistRulesController.swift; sourceTree = "<group>"; };
		8079F6D22106551100B7A278 /* SmartPlaylistRulesController.xib */ = {isa = PBXFileReference; lastKnownFileType = file.xib; path = SmartPlaylistRulesController.xib; sourceTree = "<group>"; };
		8079F6D52106661A00B7A278 /* HideableBar.swift */ = {isa = PBXFileReference; lastKnownFileType = sourcecode.swift; path = HideableBar.swift; sourceTree = "<group>"; };
		8079F6D62106661A00B7A278 /* HideableBar.xib */ = {isa = PBXFileReference; lastKnownFileType = file.xib; path = HideableBar.xib; sourceTree = "<group>"; };
		8079F6D92106745600B7A278 /* CartesianRulesController.swift */ = {isa = PBXFileReference; lastKnownFileType = sourcecode.swift; path = CartesianRulesController.swift; sourceTree = "<group>"; };
		8079F6DA2106745600B7A278 /* CartesianRulesController.xib */ = {isa = PBXFileReference; lastKnownFileType = file.xib; path = CartesianRulesController.xib; sourceTree = "<group>"; };
		8079F6DD210674F700B7A278 /* CartesianRules.swift */ = {isa = PBXFileReference; lastKnownFileType = sourcecode.swift; path = CartesianRules.swift; sourceTree = "<group>"; };
		8079F6DF210A268900B7A278 /* Track+Metadata.swift */ = {isa = PBXFileReference; lastKnownFileType = sourcecode.swift; path = "Track+Metadata.swift"; sourceTree = "<group>"; };
		8079F6E3210A2C5300B7A278 /* PlaylistRules+Tokens.swift */ = {isa = PBXFileReference; lastKnownFileType = sourcecode.swift; path = "PlaylistRules+Tokens.swift"; sourceTree = "<group>"; };
		8079F6E7211B015B00B7A278 /* RecursionGuard.swift */ = {isa = PBXFileReference; lastKnownFileType = sourcecode.swift; path = RecursionGuard.swift; sourceTree = "<group>"; };
		8079F6E9211B822900B7A278 /* UnscalingMenu.swift */ = {isa = PBXFileReference; lastKnownFileType = sourcecode.swift; path = UnscalingMenu.swift; sourceTree = "<group>"; };
		8079F6EB211B87A700B7A278 /* SpinningButton.swift */ = {isa = PBXFileReference; lastKnownFileType = sourcecode.swift; path = SpinningButton.swift; sourceTree = "<group>"; };
		807E289D2101291B0080F332 /* SmartPlaylistRules.swift */ = {isa = PBXFileReference; lastKnownFileType = sourcecode.swift; path = SmartPlaylistRules.swift; sourceTree = "<group>"; };
		807E4B46206428260051C028 /* ScrollableSlider.swift */ = {isa = PBXFileReference; lastKnownFileType = sourcecode.swift; path = ScrollableSlider.swift; sourceTree = "<group>"; };
		807F6A302101F986002048B1 /* PlaylistCartesian.swift */ = {isa = PBXFileReference; lastKnownFileType = sourcecode.swift; path = PlaylistCartesian.swift; sourceTree = "<group>"; };
		807F6A332101F9EE002048B1 /* PlaylistCarthesian+CoreDataProperties.swift */ = {isa = PBXFileReference; lastKnownFileType = sourcecode.swift; path = "PlaylistCarthesian+CoreDataProperties.swift"; sourceTree = "<group>"; };
		807F6A36210202A8002048B1 /* Library+Sanity.swift */ = {isa = PBXFileReference; lastKnownFileType = sourcecode.swift; path = "Library+Sanity.swift"; sourceTree = "<group>"; };
		80802585203EFCC0008D4168 /* Foundation+TT.swift */ = {isa = PBXFileReference; lastKnownFileType = sourcecode.swift; path = "Foundation+TT.swift"; sourceTree = "<group>"; };
		80802587203F0399008D4168 /* PlaylistController.swift */ = {isa = PBXFileReference; lastKnownFileType = sourcecode.swift; path = PlaylistController.swift; sourceTree = "<group>"; };
		808161CE2040520900AEA64F /* AVFoundationImporter.swift */ = {isa = PBXFileReference; lastKnownFileType = sourcecode.swift; path = AVFoundationImporter.swift; sourceTree = "<group>"; };
		808161D1204059FE00AEA64F /* TrackController.swift */ = {isa = PBXFileReference; lastKnownFileType = sourcecode.swift; path = TrackController.swift; sourceTree = "<group>"; };
		8085DC6F20C936D6008F4084 /* ActionStub.swift */ = {isa = PBXFileReference; lastKnownFileType = sourcecode.swift; path = ActionStub.swift; sourceTree = "<group>"; };
		8087A405206D933F003F1821 /* Analysis.swift */ = {isa = PBXFileReference; lastKnownFileType = sourcecode.swift; path = Analysis.swift; sourceTree = "<group>"; };
		8087A493206597DC00CC9569 /* EnterReturningTextField.swift */ = {isa = PBXFileReference; lastKnownFileType = sourcecode.swift; path = EnterReturningTextField.swift; sourceTree = "<group>"; };
		8091B9FE20C6B7E50019CE23 /* Hash.swift */ = {isa = PBXFileReference; lastKnownFileType = sourcecode.swift; path = Hash.swift; sourceTree = "<group>"; };
		8093466D20A62249001D15CD /* PlaylistController+Pasteboard.swift */ = {isa = PBXFileReference; lastKnownFileType = sourcecode.swift; path = "PlaylistController+Pasteboard.swift"; sourceTree = "<group>"; };
		8093467020A62319001D15CD /* TrackController+Pasteboard.swift */ = {isa = PBXFileReference; lastKnownFileType = sourcecode.swift; path = "TrackController+Pasteboard.swift"; sourceTree = "<group>"; };
		8093467220A628E1001D15CD /* Library+AudioFile.swift */ = {isa = PBXFileReference; lastKnownFileType = sourcecode.swift; path = "Library+AudioFile.swift"; sourceTree = "<group>"; };
		8093467420A629A7001D15CD /* Library+Pasteboard.swift */ = {isa = PBXFileReference; lastKnownFileType = sourcecode.swift; path = "Library+Pasteboard.swift"; sourceTree = "<group>"; };
		8093467620A99112001D15CD /* DefaultPreferences.plist */ = {isa = PBXFileReference; lastKnownFileType = text.plist.xml; path = DefaultPreferences.plist; sourceTree = "<group>"; };
		80ADCD4920442E1200AA9A89 /* Library.swift */ = {isa = PBXFileReference; lastKnownFileType = sourcecode.swift; path = Library.swift; sourceTree = "<group>"; };
		80B3BE11207514D200B93961 /* Player.swift */ = {isa = PBXFileReference; lastKnownFileType = sourcecode.swift; path = Player.swift; sourceTree = "<group>"; };
		80B68B9D21011CC100A32E3D /* SMButtonWithMenu.m */ = {isa = PBXFileReference; lastKnownFileType = sourcecode.c.objc; path = SMButtonWithMenu.m; sourceTree = "<group>"; };
		80B68B9F21011D0300A32E3D /* SMButtonWithMenu.h */ = {isa = PBXFileReference; lastKnownFileType = sourcecode.c.h; path = SMButtonWithMenu.h; sourceTree = "<group>"; };
		80B68BA42101204200A32E3D /* PlaylistSmart+CoreDataProperties.swift */ = {isa = PBXFileReference; lastKnownFileType = sourcecode.swift; name = "PlaylistSmart+CoreDataProperties.swift"; path = "/Users/lukas/XCode Projects/TenTunes/TenTunes/Music/Playlist/Manual/PlaylistSmart+CoreDataProperties.swift"; sourceTree = "<absolute>"; };
		80B68BA52101204200A32E3D /* PlaylistSmart.swift */ = {isa = PBXFileReference; lastKnownFileType = sourcecode.swift; name = PlaylistSmart.swift; path = "/Users/lukas/XCode Projects/TenTunes/TenTunes/Music/Playlist/Manual/PlaylistSmart.swift"; sourceTree = "<absolute>"; };
		80B68BA82101255D00A32E3D /* TrackController+Labels.swift */ = {isa = PBXFileReference; lastKnownFileType = sourcecode.swift; path = "TrackController+Labels.swift"; sourceTree = "<group>"; };
		80B764552072F38D003BD7F8 /* PlaylistEmpty.swift */ = {isa = PBXFileReference; lastKnownFileType = sourcecode.swift; path = PlaylistEmpty.swift; sourceTree = "<group>"; };
		80BF21C2212AD9D500B9F0AB /* History.swift */ = {isa = PBXFileReference; lastKnownFileType = sourcecode.swift; path = History.swift; sourceTree = "<group>"; };
		80C0C29F203F6DCA00FA6083 /* taglib.xcodeproj */ = {isa = PBXFileReference; lastKnownFileType = "wrapper.pb-project"; name = taglib.xcodeproj; path = ../../taglib.xcodeproj; sourceTree = "<group>"; };
		80C8559D210512B400177035 /* Album.swift */ = {isa = PBXFileReference; lastKnownFileType = sourcecode.swift; path = Album.swift; sourceTree = "<group>"; };
		80CB652B20514E050031A6D7 /* Library+Files.swift */ = {isa = PBXFileReference; lastKnownFileType = sourcecode.swift; path = "Library+Files.swift"; sourceTree = "<group>"; };
		80CB652E2052C6CD0031A6D7 /* Operators.swift */ = {isa = PBXFileReference; lastKnownFileType = sourcecode.swift; path = Operators.swift; sourceTree = "<group>"; };
		80CB65322052C9530031A6D7 /* Cocoa+TT.swift */ = {isa = PBXFileReference; lastKnownFileType = sourcecode.swift; path = "Cocoa+TT.swift"; sourceTree = "<group>"; };
		80CB65342052C9CC0031A6D7 /* CoreData+TT.swift */ = {isa = PBXFileReference; lastKnownFileType = sourcecode.swift; path = "CoreData+TT.swift"; sourceTree = "<group>"; };
		80CED03B20C88055001E710F /* AVFoundation+TT.swift */ = {isa = PBXFileReference; lastKnownFileType = sourcecode.swift; path = "AVFoundation+TT.swift"; sourceTree = "<group>"; };
		80CFDA09203C4E2300C7A506 /* LazyVar.swift */ = {isa = PBXFileReference; fileEncoding = 4; lastKnownFileType = sourcecode.swift; path = LazyVar.swift; sourceTree = "<group>"; };
		80D8A0FC212460BE003E1F11 /* Library.storyboard */ = {isa = PBXFileReference; lastKnownFileType = file.storyboard; name = Library.storyboard; path = "/Users/lukas/XCode Projects/TenTunes/TenTunes/Library.storyboard"; sourceTree = "<absolute>"; };
		80DCA9B0203F636900B1E9B1 /* TenTunes-Bridging-Header.h */ = {isa = PBXFileReference; lastKnownFileType = sourcecode.c.h; path = "TenTunes-Bridging-Header.h"; sourceTree = "<group>"; };
		80E0884F20FFB3A3001FFE26 /* TTWindow.swift */ = {isa = PBXFileReference; lastKnownFileType = sourcecode.swift; path = TTWindow.swift; sourceTree = "<group>"; };
		80E092A02066C42D000CA4D5 /* MediaLocation.swift */ = {isa = PBXFileReference; lastKnownFileType = sourcecode.swift; path = MediaLocation.swift; sourceTree = "<group>"; };
		80E2C9DC204AE18E00298E81 /* Track.swift */ = {isa = PBXFileReference; lastKnownFileType = sourcecode.swift; path = Track.swift; sourceTree = "<group>"; };
		80E2C9DD204AE18E00298E81 /* Track+CoreDataProperties.swift */ = {isa = PBXFileReference; lastKnownFileType = sourcecode.swift; path = "Track+CoreDataProperties.swift"; sourceTree = "<group>"; };
		80E2C9F1204B40A000298E81 /* Playlist.swift */ = {isa = PBXFileReference; lastKnownFileType = sourcecode.swift; path = Playlist.swift; sourceTree = "<group>"; };
		80E2C9F2204B40A000298E81 /* Playlist+CoreDataProperties.swift */ = {isa = PBXFileReference; lastKnownFileType = sourcecode.swift; path = "Playlist+CoreDataProperties.swift"; sourceTree = "<group>"; };
		80E2C9F3204B40A000298E81 /* PlaylistManual.swift */ = {isa = PBXFileReference; lastKnownFileType = sourcecode.swift; path = PlaylistManual.swift; sourceTree = "<group>"; };
		80E2C9F4204B40A000298E81 /* PlaylistManual+CoreDataProperties.swift */ = {isa = PBXFileReference; lastKnownFileType = sourcecode.swift; path = "PlaylistManual+CoreDataProperties.swift"; sourceTree = "<group>"; };
		80E2C9F5204B40A000298E81 /* PlaylistFolder.swift */ = {isa = PBXFileReference; lastKnownFileType = sourcecode.swift; path = PlaylistFolder.swift; sourceTree = "<group>"; };
		80E2C9F6204B40A000298E81 /* PlaylistFolder+CoreDataProperties.swift */ = {isa = PBXFileReference; lastKnownFileType = sourcecode.swift; path = "PlaylistFolder+CoreDataProperties.swift"; sourceTree = "<group>"; };
		80E4F9CA20A0DD4B0014532E /* Library+M3U.swift */ = {isa = PBXFileReference; lastKnownFileType = sourcecode.swift; path = "Library+M3U.swift"; sourceTree = "<group>"; };
		80E4F9CD20A0DD7E0014532E /* Library+iTunes.swift */ = {isa = PBXFileReference; lastKnownFileType = sourcecode.swift; path = "Library+iTunes.swift"; sourceTree = "<group>"; };
		80E6811A20573DC800DA5702 /* SimpleTransformer.swift */ = {isa = PBXFileReference; lastKnownFileType = sourcecode.swift; path = SimpleTransformer.swift; sourceTree = "<group>"; };
		80E6811C2057479B00DA5702 /* ValueTransformers.swift */ = {isa = PBXFileReference; lastKnownFileType = sourcecode.swift; path = ValueTransformers.swift; sourceTree = "<group>"; };
		80E937582039C2850014C835 /* Keycodes.swift */ = {isa = PBXFileReference; lastKnownFileType = sourcecode.swift; path = Keycodes.swift; sourceTree = "<group>"; };
		80F11E5820CA732E00331D12 /* Library+Symlink.swift */ = {isa = PBXFileReference; lastKnownFileType = sourcecode.swift; path = "Library+Symlink.swift"; sourceTree = "<group>"; };
		80F2C5762038808000212739 /* TenTunes.app */ = {isa = PBXFileReference; explicitFileType = wrapper.application; includeInIndex = 0; path = TenTunes.app; sourceTree = BUILT_PRODUCTS_DIR; };
		80F2C5792038808000212739 /* AppDelegate.swift */ = {isa = PBXFileReference; lastKnownFileType = sourcecode.swift; path = AppDelegate.swift; sourceTree = "<group>"; };
		80F2C57B2038808000212739 /* ViewController.swift */ = {isa = PBXFileReference; lastKnownFileType = sourcecode.swift; path = ViewController.swift; sourceTree = "<group>"; };
		80F2C57E2038808000212739 /* TenTunes.xcdatamodel */ = {isa = PBXFileReference; lastKnownFileType = wrapper.xcdatamodel; path = TenTunes.xcdatamodel; sourceTree = "<group>"; };
		80F2C5802038808000212739 /* Assets.xcassets */ = {isa = PBXFileReference; lastKnownFileType = folder.assetcatalog; path = Assets.xcassets; sourceTree = "<group>"; };
		80F2C5832038808000212739 /* Base */ = {isa = PBXFileReference; lastKnownFileType = file.storyboard; name = Base; path = Base.lproj/Main.storyboard; sourceTree = "<group>"; };
		80F2C5852038808000212739 /* Info.plist */ = {isa = PBXFileReference; lastKnownFileType = text.plist.xml; path = Info.plist; sourceTree = "<group>"; };
		80F2C5862038808000212739 /* TenTunes.entitlements */ = {isa = PBXFileReference; lastKnownFileType = text.plist.entitlements; path = TenTunes.entitlements; sourceTree = "<group>"; };
		80F2C58E20389B9B00212739 /* WaveformView.swift */ = {isa = PBXFileReference; lastKnownFileType = sourcecode.swift; path = WaveformView.swift; sourceTree = "<group>"; };
		80F77BF4203D8B35001E397F /* Key.swift */ = {isa = PBXFileReference; lastKnownFileType = sourcecode.swift; path = Key.swift; sourceTree = "<group>"; };
		80F854FE2069180A009A8FBE /* TrackController+RightClick.swift */ = {isa = PBXFileReference; lastKnownFileType = sourcecode.swift; path = "TrackController+RightClick.swift"; sourceTree = "<group>"; };
		80F855002069183E009A8FBE /* TrackController+Menu.swift */ = {isa = PBXFileReference; lastKnownFileType = sourcecode.swift; path = "TrackController+Menu.swift"; sourceTree = "<group>"; };
		80F855032069187D009A8FBE /* PlaylistController+Menu.swift */ = {isa = PBXFileReference; lastKnownFileType = sourcecode.swift; path = "PlaylistController+Menu.swift"; sourceTree = "<group>"; };
		80F8550520691897009A8FBE /* PlaylistController+RightClick.swift */ = {isa = PBXFileReference; lastKnownFileType = sourcecode.swift; path = "PlaylistController+RightClick.swift"; sourceTree = "<group>"; };
		80F8F6F12053EA2C004A07D6 /* TrackEditor.swift */ = {isa = PBXFileReference; lastKnownFileType = sourcecode.swift; path = TrackEditor.swift; sourceTree = "<group>"; };
		80F8F6F22053EA2C004A07D6 /* TrackEditor.xib */ = {isa = PBXFileReference; lastKnownFileType = file.xib; path = TrackEditor.xib; sourceTree = "<group>"; };
		80F9702E209625E800A989D8 /* PreferencesWindowController.swift */ = {isa = PBXFileReference; lastKnownFileType = sourcecode.swift; path = PreferencesWindowController.swift; sourceTree = "<group>"; };
		80F9702F209625E800A989D8 /* PreferencesWindowController.xib */ = {isa = PBXFileReference; lastKnownFileType = file.xib; path = PreferencesWindowController.xib; sourceTree = "<group>"; };
		80F9703220962EA200A989D8 /* PopupEnum.swift */ = {isa = PBXFileReference; lastKnownFileType = sourcecode.swift; path = PopupEnum.swift; sourceTree = "<group>"; };
		A38472EDF8C9143024B15892 /* Pods-TenTunes.debug.xcconfig */ = {isa = PBXFileReference; includeInIndex = 1; lastKnownFileType = text.xcconfig; name = "Pods-TenTunes.debug.xcconfig"; path = "Pods/Target Support Files/Pods-TenTunes/Pods-TenTunes.debug.xcconfig"; sourceTree = "<group>"; };
		F519690AE56FC5800E060F88 /* Pods_TenTunes.framework */ = {isa = PBXFileReference; explicitFileType = wrapper.framework; includeInIndex = 0; path = Pods_TenTunes.framework; sourceTree = BUILT_PRODUCTS_DIR; };
/* End PBXFileReference section */

/* Begin PBXFrameworksBuildPhase section */
		80F2C5732038808000212739 /* Frameworks */ = {
			isa = PBXFrameworksBuildPhase;
			buildActionMask = 2147483647;
			files = (
				80074CFF2046BB0C0055B87E /* QuartzCore.framework in Frameworks */,
				8058FA8F204317080086FF8A /* libSuperpoweredAudioOSX.a in Frameworks */,
				806AC1482041F73300857B1B /* libtaglib.a in Frameworks */,
				806AC13E2041EDEE00857B1B /* AudioToolbox.framework in Frameworks */,
				806AC13C2041EDE500857B1B /* CoreMedia.framework in Frameworks */,
				806AC13A2041EDD900857B1B /* AVFoundation.framework in Frameworks */,
				8013720F203F7C9C00CA9036 /* AudioKitUI.framework in Frameworks */,
				8013720E203F7C9C00CA9036 /* AudioKit.framework in Frameworks */,
				8058FABC20432A730086FF8A /* MediaKeyTap.framework in Frameworks */,
				0418D7C40668030CCFCB5446 /* Pods_TenTunes.framework in Frameworks */,
			);
			runOnlyForDeploymentPostprocessing = 0;
		};
/* End PBXFrameworksBuildPhase section */

/* Begin PBXGroup section */
		8017685720743887000DD433 /* Views */ = {
			isa = PBXGroup;
			children = (
				8017685820743898000DD433 /* NSImageViewAspectFill.swift */,
				8030E00020FC8F0C006B4AE8 /* ActionTableView.swift */,
				80E0884F20FFB3A3001FFE26 /* TTWindow.swift */,
				8079F6E9211B822900B7A278 /* UnscalingMenu.swift */,
				8079F6EB211B87A700B7A278 /* SpinningButton.swift */,
			);
			path = Views;
			sourceTree = "<group>";
		};
		8030E00320FC970E006B4AE8 /* Task */ = {
			isa = PBXGroup;
			children = (
				8030E00620FC9749006B4AE8 /* Task.swift */,
				8030E00C20FCA04C006B4AE8 /* UpdateCurrentPlaylist.swift */,
				8030E00E20FCB12C006B4AE8 /* AnalyzeTrack.swift */,
				8030E01020FCB33C006B4AE8 /* FetchTrackMetadata.swift */,
				8030E01A20FE7AAC006B4AE8 /* MoveTrackToMediaLocation.swift */,
				8030E01820FE33D2006B4AE8 /* ExportPlaylists.swift */,
			);
			path = Task;
			sourceTree = "<group>";
		};
		8058FA8D204316F50086FF8A /* Superpowered */ = {
			isa = PBXGroup;
			children = (
				8058FA982043172C0086FF8A /* Superpowered3BandEQ.h */,
				8058FAB0204317320086FF8A /* SuperpoweredAdvancedAudioPlayer.h */,
				8058FA962043172C0086FF8A /* SuperpoweredAnalyzer.h */,
				8058FAA22043172E0086FF8A /* SuperpoweredAudioBuffers.h */,
				8058FAA9204317300086FF8A /* SuperpoweredBandpassFilterbank.h */,
				8058FAAF204317320086FF8A /* SuperpoweredClipper.h */,
				8058FA932043172B0086FF8A /* SuperpoweredCompressor.h */,
				8058FA972043172C0086FF8A /* SuperpoweredCPU.h */,
				8058FAAB204317300086FF8A /* SuperpoweredDecoder.h */,
				8058FAA42043172E0086FF8A /* SuperpoweredEcho.h */,
				8058FA9B2043172C0086FF8A /* SuperpoweredFFT.h */,
				8058FAA72043172F0086FF8A /* SuperpoweredFilter.h */,
				8058FA952043172B0086FF8A /* SuperpoweredFlanger.h */,
				8058FAA52043172F0086FF8A /* SuperpoweredFrequencyDomain.h */,
				8058FA9C2043172D0086FF8A /* SuperpoweredFX.h */,
				8058FA922043172B0086FF8A /* SuperpoweredGate.h */,
				8058FA902043172A0086FF8A /* SuperpoweredLimiter.h */,
				8058FAAD204317310086FF8A /* SuperpoweredMixer.h */,
				8058FAA62043172F0086FF8A /* SuperpoweredNBandEQ.cpp */,
				8058FA9D2043172D0086FF8A /* SuperpoweredNBandEQ.h */,
				8058FAAC204317310086FF8A /* SuperpoweredOSXAudioIO.h */,
				8058FA9E2043172D0086FF8A /* SuperpoweredOSXAudioIO.mm */,
				8058FAA82043172F0086FF8A /* SuperpoweredRecorder.h */,
				8058FAB2204317330086FF8A /* SuperpoweredResampler.h */,
				8058FAA02043172D0086FF8A /* SuperpoweredReverb.h */,
				8058FAAE204317310086FF8A /* SuperpoweredRoll.h */,
				8058FAA12043172E0086FF8A /* SuperpoweredSimple.h */,
				8058FA942043172B0086FF8A /* SuperpoweredSpatializer.h */,
				8058FAB1204317320086FF8A /* SuperpoweredTimeStretching.h */,
				8058FA9A2043172C0086FF8A /* SuperpoweredWhoosh.h */,
				8058FA8E204317080086FF8A /* libSuperpoweredAudioOSX.a */,
			);
			path = Superpowered;
			sourceTree = "<group>";
		};
		805901BE20404CB900B97D84 /* View */ = {
			isa = PBXGroup;
			children = (
				8017685720743887000DD433 /* Views */,
				807E4B44206428050051C028 /* Controls */,
				80F8550220691866009A8FBE /* PlaylistController */,
				80F854FC206917D6009A8FBE /* TrackController */,
				80F2C58E20389B9B00212739 /* WaveformView.swift */,
				8058FABF2043409F0086FF8A /* VibrantTableRowView.swift */,
				8046CDA2204EF1ED00E732E7 /* TitleSubtitleCellView.swift */,
				80E937582039C2850014C835 /* Keycodes.swift */,
				80F9702E209625E800A989D8 /* PreferencesWindowController.swift */,
				80F9702F209625E800A989D8 /* PreferencesWindowController.xib */,
				807092E920C69D8F00DFED53 /* ExportPlaylistsController.swift */,
				807092EA20C69D8F00DFED53 /* ExportPlaylistsController.xib */,
				8030E01220FCBDAA006B4AE8 /* TaskViewController.swift */,
				8030E01320FCBDAA006B4AE8 /* TaskViewController.xib */,
			);
			path = View;
			sourceTree = "<group>";
		};
		805901C020404CDF00B97D84 /* Music */ = {
			isa = PBXGroup;
			children = (
				805D2D1820CE75EA00A61184 /* Library */,
				80E2C9E3204B3D5C00298E81 /* Playlist */,
				80CB65362052CAEA0031A6D7 /* Track */,
				80CB65372052CB100031A6D7 /* Analyze */,
				806AC1322040D7C700857B1B /* PlayHistory.swift */,
				80B3BE11207514D200B93961 /* Player.swift */,
				80F77BF4203D8B35001E397F /* Key.swift */,
			);
			path = Music;
			sourceTree = "<group>";
		};
		805D2D1820CE75EA00A61184 /* Library */ = {
			isa = PBXGroup;
			children = (
				80ADCD4920442E1200AA9A89 /* Library.swift */,
				8093467420A629A7001D15CD /* Library+Pasteboard.swift */,
				807F6A36210202A8002048B1 /* Library+Sanity.swift */,
				807F6A352102029B002048B1 /* Export */,
				800134A6213835C0001FB5CE /* TagLibFile.h */,
				800134A7213835C0001FB5CE /* TagLibFile.mm */,
				808161CE2040520900AEA64F /* AVFoundationImporter.swift */,
				80C8559D210512B400177035 /* Album.swift */,
				8074044821367A1F007E0B4C /* Artist.swift */,
			);
			path = Library;
			sourceTree = "<group>";
		};
		807E4B44206428050051C028 /* Controls */ = {
			isa = PBXGroup;
			children = (
				8087A493206597DC00CC9569 /* EnterReturningTextField.swift */,
				807E4B46206428260051C028 /* ScrollableSlider.swift */,
				80F9703220962EA200A989D8 /* PopupEnum.swift */,
				80B68B9F21011D0300A32E3D /* SMButtonWithMenu.h */,
				80B68B9D21011CC100A32E3D /* SMButtonWithMenu.m */,
				8026241520FF445F009D7988 /* TTTokenField.swift */,
				8079F6D52106661A00B7A278 /* HideableBar.swift */,
				8079F6D62106661A00B7A278 /* HideableBar.xib */,
			);
			path = Controls;
			sourceTree = "<group>";
		};
		807F6A352102029B002048B1 /* Export */ = {
			isa = PBXGroup;
			children = (
				80CB652B20514E050031A6D7 /* Library+Files.swift */,
				80E4F9CA20A0DD4B0014532E /* Library+M3U.swift */,
				80E4F9CD20A0DD7E0014532E /* Library+iTunes.swift */,
				80F11E5820CA732E00331D12 /* Library+Symlink.swift */,
				8093467220A628E1001D15CD /* Library+AudioFile.swift */,
			);
			path = Export;
			sourceTree = "<group>";
		};
		80B68BA021011F4800A32E3D /* Manual */ = {
			isa = PBXGroup;
			children = (
				80E2C9F3204B40A000298E81 /* PlaylistManual.swift */,
				80E2C9F4204B40A000298E81 /* PlaylistManual+CoreDataProperties.swift */,
				80B68BA52101204200A32E3D /* PlaylistSmart.swift */,
				80B68BA42101204200A32E3D /* PlaylistSmart+CoreDataProperties.swift */,
				807E289D2101291B0080F332 /* SmartPlaylistRules.swift */,
				8079F6E3210A2C5300B7A278 /* PlaylistRules+Tokens.swift */,
			);
			path = Manual;
			sourceTree = "<group>";
		};
		80B68BA121011F5000A32E3D /* Group */ = {
			isa = PBXGroup;
			children = (
				80E2C9F5204B40A000298E81 /* PlaylistFolder.swift */,
				80E2C9F6204B40A000298E81 /* PlaylistFolder+CoreDataProperties.swift */,
				807F6A302101F986002048B1 /* PlaylistCartesian.swift */,
				807F6A332101F9EE002048B1 /* PlaylistCarthesian+CoreDataProperties.swift */,
				8079F6DD210674F700B7A278 /* CartesianRules.swift */,
			);
			path = Group;
			sourceTree = "<group>";
		};
		80C0C2A0203F6DCA00FA6083 /* Products */ = {
			isa = PBXGroup;
			children = (
				80C0C2A4203F6DCA00FA6083 /* libtaglib.a */,
			);
			name = Products;
			sourceTree = "<group>";
		};
		80CB65302052C9180031A6D7 /* Extensions */ = {
			isa = PBXGroup;
			children = (
				80CB652E2052C6CD0031A6D7 /* Operators.swift */,
				80802585203EFCC0008D4168 /* Foundation+TT.swift */,
				80CB65322052C9530031A6D7 /* Cocoa+TT.swift */,
				80CB65342052C9CC0031A6D7 /* CoreData+TT.swift */,
				80CED03B20C88055001E710F /* AVFoundation+TT.swift */,
			);
			path = Extensions;
			sourceTree = "<group>";
		};
		80CB65362052CAEA0031A6D7 /* Track */ = {
			isa = PBXGroup;
			children = (
				80E2C9DC204AE18E00298E81 /* Track.swift */,
				80E2C9DD204AE18E00298E81 /* Track+CoreDataProperties.swift */,
				8079F6DF210A268900B7A278 /* Track+Metadata.swift */,
				80E092A02066C42D000CA4D5 /* MediaLocation.swift */,
				8087A405206D933F003F1821 /* Analysis.swift */,
			);
			path = Track;
			sourceTree = "<group>";
		};
		80CB65372052CB100031A6D7 /* Analyze */ = {
			isa = PBXGroup;
			children = (
				806AC1412041EF1900857B1B /* SPAnalyzer.h */,
				806AC1422041EF1900857B1B /* SPAnalyzer.mm */,
				806C5B2520423AC000C34F49 /* SPInterpreter.swift */,
			);
			path = Analyze;
			sourceTree = "<group>";
		};
		80CB65392052CB910031A6D7 /* Util */ = {
			isa = PBXGroup;
			children = (
				80CFDA09203C4E2300C7A506 /* LazyVar.swift */,
				803E972E20C7EF2C00D46565 /* LazyMap.swift */,
				80E6811A20573DC800DA5702 /* SimpleTransformer.swift */,
				80E6811C2057479B00DA5702 /* ValueTransformers.swift */,
				8091B9FE20C6B7E50019CE23 /* Hash.swift */,
				8085DC6F20C936D6008F4084 /* ActionStub.swift */,
				8055FE7D20C947A300559F45 /* Volumes.swift */,
				8030E00820FC9A91006B4AE8 /* SwiftPriorityQueue.swift */,
				8030E01620FE2C3B006B4AE8 /* Alerts.swift */,
				8079F6E7211B015B00B7A278 /* RecursionGuard.swift */,
				80BF21C2212AD9D500B9F0AB /* History.swift */,
				8074044B2136CE68007E0B4C /* Interpolation.swift */,
			);
			path = Util;
			sourceTree = "<group>";
		};
		80DCA9B6203F645400B1E9B1 /* Frameworks */ = {
			isa = PBXGroup;
			children = (
				80074CFE2046BB0B0055B87E /* QuartzCore.framework */,
				8058FABB20432A730086FF8A /* MediaKeyTap.framework */,
				8058FA8D204316F50086FF8A /* Superpowered */,
				806AC13D2041EDEE00857B1B /* AudioToolbox.framework */,
				806AC13B2041EDE500857B1B /* CoreMedia.framework */,
				806AC1392041EDD900857B1B /* AVFoundation.framework */,
				806AC1372041EC8400857B1B /* libSuperpoweredAudioOSX.a */,
				8013720C203F7C9C00CA9036 /* AudioKit.framework */,
				8013720D203F7C9C00CA9036 /* AudioKitUI.framework */,
				80C0C29F203F6DCA00FA6083 /* taglib.xcodeproj */,
				F519690AE56FC5800E060F88 /* Pods_TenTunes.framework */,
			);
			path = Frameworks;
			sourceTree = "<group>";
		};
		80E2C9E3204B3D5C00298E81 /* Playlist */ = {
			isa = PBXGroup;
			children = (
				806EFC26204B65C10079DBAA /* PlaylistProtocol.swift */,
				80E2C9F1204B40A000298E81 /* Playlist.swift */,
				80E2C9F2204B40A000298E81 /* Playlist+CoreDataProperties.swift */,
				80B68BA021011F4800A32E3D /* Manual */,
				80B68BA121011F5000A32E3D /* Group */,
				806EFC21204B63620079DBAA /* PlaylistLibrary.swift */,
				80B764552072F38D003BD7F8 /* PlaylistEmpty.swift */,
			);
			path = Playlist;
			sourceTree = "<group>";
		};
		80F2C56D2038808000212739 = {
			isa = PBXGroup;
			children = (
				80DCA9B6203F645400B1E9B1 /* Frameworks */,
				80F2C5782038808000212739 /* TenTunes */,
				80F2C5772038808000212739 /* Products */,
				DC273DCC0A0A84801A5F1416 /* Pods */,
			);
			sourceTree = "<group>";
		};
		80F2C5772038808000212739 /* Products */ = {
			isa = PBXGroup;
			children = (
				80F2C5762038808000212739 /* TenTunes.app */,
			);
			name = Products;
			sourceTree = "<group>";
		};
		80F2C5782038808000212739 /* TenTunes */ = {
			isa = PBXGroup;
			children = (
				805901BE20404CB900B97D84 /* View */,
				805901C020404CDF00B97D84 /* Music */,
				8030E00320FC970E006B4AE8 /* Task */,
				80F2C5792038808000212739 /* AppDelegate.swift */,
				80F2C57B2038808000212739 /* ViewController.swift */,
				803717282043629700DB9EAA /* ViewController+Background.swift */,
				801621322067B71B00093B15 /* ViewController+Updates.swift */,
				80F2C5822038808000212739 /* Main.storyboard */,
				80D8A0FC212460BE003E1F11 /* Library.storyboard */,
				80CB65392052CB910031A6D7 /* Util */,
				80CB65302052C9180031A6D7 /* Extensions */,
				80F2C5802038808000212739 /* Assets.xcassets */,
				80F2C5852038808000212739 /* Info.plist */,
				80F2C5862038808000212739 /* TenTunes.entitlements */,
				80F2C57D2038808000212739 /* TenTunes.xcdatamodeld */,
				80DCA9B0203F636900B1E9B1 /* TenTunes-Bridging-Header.h */,
				8093467620A99112001D15CD /* DefaultPreferences.plist */,
			);
			path = TenTunes;
			sourceTree = "<group>";
		};
		80F854FC206917D6009A8FBE /* TrackController */ = {
			isa = PBXGroup;
			children = (
				808161D1204059FE00AEA64F /* TrackController.swift */,
				8093467020A62319001D15CD /* TrackController+Pasteboard.swift */,
				80F854FE2069180A009A8FBE /* TrackController+RightClick.swift */,
				80F855002069183E009A8FBE /* TrackController+Menu.swift */,
				80B68BA82101255D00A32E3D /* TrackController+Labels.swift */,
				80074CF7204583CF0055B87E /* TrackController.xib */,
				80F8F6F12053EA2C004A07D6 /* TrackEditor.swift */,
				806611892125B9BF00C3948E /* TrackEditor+Tags.swift */,
				80F8F6F22053EA2C004A07D6 /* TrackEditor.xib */,
				8079F6D12106551100B7A278 /* SmartPlaylistRulesController.swift */,
				8079F6D22106551100B7A278 /* SmartPlaylistRulesController.xib */,
				8079F6D92106745600B7A278 /* CartesianRulesController.swift */,
				8079F6DA2106745600B7A278 /* CartesianRulesController.xib */,
			);
			path = TrackController;
			sourceTree = "<group>";
		};
		80F8550220691866009A8FBE /* PlaylistController */ = {
			isa = PBXGroup;
			children = (
				80802587203F0399008D4168 /* PlaylistController.swift */,
				8093466D20A62249001D15CD /* PlaylistController+Pasteboard.swift */,
				80F8550520691897009A8FBE /* PlaylistController+RightClick.swift */,
				80F855032069187D009A8FBE /* PlaylistController+Menu.swift */,
				80074CFB204584980055B87E /* PlaylistController.xib */,
			);
			path = PlaylistController;
			sourceTree = "<group>";
		};
		DC273DCC0A0A84801A5F1416 /* Pods */ = {
			isa = PBXGroup;
			children = (
				A38472EDF8C9143024B15892 /* Pods-TenTunes.debug.xcconfig */,
				1AF69E4F3445C52AF8BD712B /* Pods-TenTunes.release.xcconfig */,
			);
			name = Pods;
			sourceTree = "<group>";
		};
/* End PBXGroup section */

/* Begin PBXNativeTarget section */
		80F2C5752038808000212739 /* TenTunes */ = {
			isa = PBXNativeTarget;
			buildConfigurationList = 80F2C5892038808000212739 /* Build configuration list for PBXNativeTarget "TenTunes" */;
			buildPhases = (
				6497D4AEADBECC33FD042B18 /* [CP] Check Pods Manifest.lock */,
				80F2C5722038808000212739 /* Sources */,
				80F2C5732038808000212739 /* Frameworks */,
				80F2C5742038808000212739 /* Resources */,
				8032A5BA2039FFD200A32D8D /* Embed Frameworks */,
				5E7B6610CCCF64557D877209 /* [CP] Embed Pods Frameworks */,
				AB8C975F1459AD1CCE2FCBF8 /* [CP] Copy Pods Resources */,
			);
			buildRules = (
			);
			dependencies = (
			);
			name = TenTunes;
			productName = TenTunes;
			productReference = 80F2C5762038808000212739 /* TenTunes.app */;
			productType = "com.apple.product-type.application";
		};
/* End PBXNativeTarget section */

/* Begin PBXProject section */
		80F2C56E2038808000212739 /* Project object */ = {
			isa = PBXProject;
			attributes = {
				LastSwiftUpdateCheck = 0920;
				LastUpgradeCheck = 0930;
				ORGANIZATIONNAME = ivorius;
				TargetAttributes = {
					80F2C5752038808000212739 = {
						CreatedOnToolsVersion = 9.2;
						LastSwiftMigration = 0920;
						ProvisioningStyle = Automatic;
						SystemCapabilities = {
							com.apple.Sandbox = {
								enabled = 0;
							};
						};
					};
				};
			};
			buildConfigurationList = 80F2C5712038808000212739 /* Build configuration list for PBXProject "TenTunes" */;
			compatibilityVersion = "Xcode 8.0";
			developmentRegion = en;
			hasScannedForEncodings = 0;
			knownRegions = (
				en,
				Base,
			);
			mainGroup = 80F2C56D2038808000212739;
			productRefGroup = 80F2C5772038808000212739 /* Products */;
			projectDirPath = "";
			projectReferences = (
				{
					ProductGroup = 80C0C2A0203F6DCA00FA6083 /* Products */;
					ProjectRef = 80C0C29F203F6DCA00FA6083 /* taglib.xcodeproj */;
				},
			);
			projectRoot = "";
			targets = (
				80F2C5752038808000212739 /* TenTunes */,
			);
		};
/* End PBXProject section */

/* Begin PBXReferenceProxy section */
		80C0C2A4203F6DCA00FA6083 /* libtaglib.a */ = {
			isa = PBXReferenceProxy;
			fileType = archive.ar;
			path = libtaglib.a;
			remoteRef = 80C0C2A3203F6DCA00FA6083 /* PBXContainerItemProxy */;
			sourceTree = BUILT_PRODUCTS_DIR;
		};
/* End PBXReferenceProxy section */

/* Begin PBXResourcesBuildPhase section */
		80F2C5742038808000212739 /* Resources */ = {
			isa = PBXResourcesBuildPhase;
			buildActionMask = 2147483647;
			files = (
				8079F6D42106551100B7A278 /* SmartPlaylistRulesController.xib in Resources */,
				80F8F6F42053EA2C004A07D6 /* TrackEditor.xib in Resources */,
				807092EC20C69D8F00DFED53 /* ExportPlaylistsController.xib in Resources */,
				8079F6D82106661A00B7A278 /* HideableBar.xib in Resources */,
				80F97031209625E800A989D8 /* PreferencesWindowController.xib in Resources */,
				8093467720A99112001D15CD /* DefaultPreferences.plist in Resources */,
				80F2C5812038808000212739 /* Assets.xcassets in Resources */,
				8079F6DC2106745600B7A278 /* CartesianRulesController.xib in Resources */,
				80074CFD204584980055B87E /* PlaylistController.xib in Resources */,
				8030E01520FCBDAA006B4AE8 /* TaskViewController.xib in Resources */,
				806611812124622100C3948E /* Library.storyboard in Resources */,
				80074CF9204583CF0055B87E /* TrackController.xib in Resources */,
				80F2C5842038808000212739 /* Main.storyboard in Resources */,
			);
			runOnlyForDeploymentPostprocessing = 0;
		};
/* End PBXResourcesBuildPhase section */

/* Begin PBXShellScriptBuildPhase section */
		5E7B6610CCCF64557D877209 /* [CP] Embed Pods Frameworks */ = {
			isa = PBXShellScriptBuildPhase;
			buildActionMask = 2147483647;
			files = (
			);
			inputPaths = (
				"${SRCROOT}/Pods/Target Support Files/Pods-TenTunes/Pods-TenTunes-frameworks.sh",
				"${BUILT_PRODUCTS_DIR}/FontAwesome.swift/FontAwesome_swift.framework",
			);
			name = "[CP] Embed Pods Frameworks";
			outputPaths = (
				"${TARGET_BUILD_DIR}/${FRAMEWORKS_FOLDER_PATH}/FontAwesome_swift.framework",
			);
			runOnlyForDeploymentPostprocessing = 0;
			shellPath = /bin/sh;
			shellScript = "\"${SRCROOT}/Pods/Target Support Files/Pods-TenTunes/Pods-TenTunes-frameworks.sh\"\n";
			showEnvVarsInLog = 0;
		};
		6497D4AEADBECC33FD042B18 /* [CP] Check Pods Manifest.lock */ = {
			isa = PBXShellScriptBuildPhase;
			buildActionMask = 2147483647;
			files = (
			);
			inputPaths = (
				"${PODS_PODFILE_DIR_PATH}/Podfile.lock",
				"${PODS_ROOT}/Manifest.lock",
			);
			name = "[CP] Check Pods Manifest.lock";
			outputPaths = (
				"$(DERIVED_FILE_DIR)/Pods-TenTunes-checkManifestLockResult.txt",
			);
			runOnlyForDeploymentPostprocessing = 0;
			shellPath = /bin/sh;
			shellScript = "diff \"${PODS_PODFILE_DIR_PATH}/Podfile.lock\" \"${PODS_ROOT}/Manifest.lock\" > /dev/null\nif [ $? != 0 ] ; then\n    # print error to STDERR\n    echo \"error: The sandbox is not in sync with the Podfile.lock. Run 'pod install' or update your CocoaPods installation.\" >&2\n    exit 1\nfi\n# This output is used by Xcode 'outputs' to avoid re-running this script phase.\necho \"SUCCESS\" > \"${SCRIPT_OUTPUT_FILE_0}\"\n";
			showEnvVarsInLog = 0;
		};
		AB8C975F1459AD1CCE2FCBF8 /* [CP] Copy Pods Resources */ = {
			isa = PBXShellScriptBuildPhase;
			buildActionMask = 2147483647;
			files = (
			);
			inputPaths = (
			);
			name = "[CP] Copy Pods Resources";
			outputPaths = (
			);
			runOnlyForDeploymentPostprocessing = 0;
			shellPath = /bin/sh;
			shellScript = "\"${SRCROOT}/Pods/Target Support Files/Pods-TenTunes/Pods-TenTunes-resources.sh\"\n";
			showEnvVarsInLog = 0;
		};
/* End PBXShellScriptBuildPhase section */

/* Begin PBXSourcesBuildPhase section */
		80F2C5722038808000212739 /* Sources */ = {
			isa = PBXSourcesBuildPhase;
			buildActionMask = 2147483647;
			files = (
				80ADCD4A20442E1200AA9A89 /* Library.swift in Sources */,
				80CB652C20514E050031A6D7 /* Library+Files.swift in Sources */,
				8030E00D20FCA04C006B4AE8 /* UpdateCurrentPlaylist.swift in Sources */,
				80E6811B20573DC800DA5702 /* SimpleTransformer.swift in Sources */,
				80F2C57C2038808000212739 /* ViewController.swift in Sources */,
				8030E00720FC9749006B4AE8 /* Task.swift in Sources */,
				8030E00F20FCB12C006B4AE8 /* AnalyzeTrack.swift in Sources */,
				80B68B9E21011CC100A32E3D /* SMButtonWithMenu.m in Sources */,
				80E2C9E1204AE18E00298E81 /* Track+CoreDataProperties.swift in Sources */,
				80F11E5920CA732E00331D12 /* Library+Symlink.swift in Sources */,
				803E972F20C7EF2C00D46565 /* LazyMap.swift in Sources */,
				8087A494206597DC00CC9569 /* EnterReturningTextField.swift in Sources */,
				8079F6D32106551100B7A278 /* SmartPlaylistRulesController.swift in Sources */,
				80CED03C20C88055001E710F /* AVFoundation+TT.swift in Sources */,
				8079F6D72106661A00B7A278 /* HideableBar.swift in Sources */,
				8030E00120FC8F0C006B4AE8 /* ActionTableView.swift in Sources */,
				80E0885020FFB3A3001FFE26 /* TTWindow.swift in Sources */,
				80F855012069183E009A8FBE /* TrackController+Menu.swift in Sources */,
				80E6811D2057479B00DA5702 /* ValueTransformers.swift in Sources */,
				8079F6EA211B822900B7A278 /* UnscalingMenu.swift in Sources */,
				80CFDA0A203C4E2300C7A506 /* LazyVar.swift in Sources */,
				80F855042069187D009A8FBE /* PlaylistController+Menu.swift in Sources */,
				8030E01920FE33D2006B4AE8 /* ExportPlaylists.swift in Sources */,
				80E2C9E0204AE18E00298E81 /* Track.swift in Sources */,
				80802588203F0399008D4168 /* PlaylistController.swift in Sources */,
				806AC1332040D7C700857B1B /* PlayHistory.swift in Sources */,
				80F8550620691897009A8FBE /* PlaylistController+RightClick.swift in Sources */,
				8093467520A629A7001D15CD /* Library+Pasteboard.swift in Sources */,
				80E092A12066C42D000CA4D5 /* MediaLocation.swift in Sources */,
				8074044921367A1F007E0B4C /* Artist.swift in Sources */,
				80802586203EFCC0008D4168 /* Foundation+TT.swift in Sources */,
				8079F6DE210674F700B7A278 /* CartesianRules.swift in Sources */,
				8055FE7E20C947A300559F45 /* Volumes.swift in Sources */,
				8017685920743898000DD433 /* NSImageViewAspectFill.swift in Sources */,
				807F6A312101F986002048B1 /* PlaylistCartesian.swift in Sources */,
				8079F6E0210A268900B7A278 /* Track+Metadata.swift in Sources */,
				80E4F9CB20A0DD4B0014532E /* Library+M3U.swift in Sources */,
				80B68BA62101204200A32E3D /* PlaylistSmart+CoreDataProperties.swift in Sources */,
				80B3BE12207514D200B93961 /* Player.swift in Sources */,
				80F9703320962EA200A989D8 /* PopupEnum.swift in Sources */,
				80E2C9FC204B40A000298E81 /* PlaylistFolder+CoreDataProperties.swift in Sources */,
				8079F6E4210A2C5400B7A278 /* PlaylistRules+Tokens.swift in Sources */,
				8079F6DB2106745600B7A278 /* CartesianRulesController.swift in Sources */,
				80B68BA92101255D00A32E3D /* TrackController+Labels.swift in Sources */,
				807092EB20C69D8F00DFED53 /* ExportPlaylistsController.swift in Sources */,
				806AC1432041EF1900857B1B /* SPAnalyzer.mm in Sources */,
				8030E01720FE2C3B006B4AE8 /* Alerts.swift in Sources */,
				8091B9FF20C6B7E50019CE23 /* Hash.swift in Sources */,
				80F97030209625E800A989D8 /* PreferencesWindowController.swift in Sources */,
				8093467120A62319001D15CD /* TrackController+Pasteboard.swift in Sources */,
				80B68BA72101204200A32E3D /* PlaylistSmart.swift in Sources */,
				80E937592039C2850014C835 /* Keycodes.swift in Sources */,
				80E2C9FB204B40A000298E81 /* PlaylistFolder.swift in Sources */,
				8085DC7020C936D6008F4084 /* ActionStub.swift in Sources */,
				807F6A342101F9EE002048B1 /* PlaylistCarthesian+CoreDataProperties.swift in Sources */,
				807E4B47206428260051C028 /* ScrollableSlider.swift in Sources */,
				80E2C9FA204B40A000298E81 /* PlaylistManual+CoreDataProperties.swift in Sources */,
				8046CDA3204EF1ED00E732E7 /* TitleSubtitleCellView.swift in Sources */,
				8030E01420FCBDAA006B4AE8 /* TaskViewController.swift in Sources */,
				80BF21C3212AD9D500B9F0AB /* History.swift in Sources */,
				8030E01120FCB33C006B4AE8 /* FetchTrackMetadata.swift in Sources */,
				80CB652F2052C6CD0031A6D7 /* Operators.swift in Sources */,
				8074044C2136CE68007E0B4C /* Interpolation.swift in Sources */,
				80E2C9F7204B40A000298E81 /* Playlist.swift in Sources */,
				8030E01B20FE7AAC006B4AE8 /* MoveTrackToMediaLocation.swift in Sources */,
				8093466E20A62249001D15CD /* PlaylistController+Pasteboard.swift in Sources */,
				8079F6E8211B015B00B7A278 /* RecursionGuard.swift in Sources */,
				80C8559E210512B400177035 /* Album.swift in Sources */,
				80F2C58F20389B9B00212739 /* WaveformView.swift in Sources */,
				8030E00920FC9A91006B4AE8 /* SwiftPriorityQueue.swift in Sources */,
				80F854FF2069180A009A8FBE /* TrackController+RightClick.swift in Sources */,
				808161CF2040520900AEA64F /* AVFoundationImporter.swift in Sources */,
				8079F6EC211B87A700B7A278 /* SpinningButton.swift in Sources */,
				8066118A2125B9BF00C3948E /* TrackEditor+Tags.swift in Sources */,
				801621332067B71B00093B15 /* ViewController+Updates.swift in Sources */,
				806C5B2620423AC000C34F49 /* SPInterpreter.swift in Sources */,
				80B764562072F38D003BD7F8 /* PlaylistEmpty.swift in Sources */,
				80E2C9F9204B40A000298E81 /* PlaylistManual.swift in Sources */,
				808161D2204059FE00AEA64F /* TrackController.swift in Sources */,
				806EFC22204B63620079DBAA /* PlaylistLibrary.swift in Sources */,
				80F2C57F2038808000212739 /* TenTunes.xcdatamodeld in Sources */,
				800134A8213835C0001FB5CE /* TagLibFile.mm in Sources */,
				80CB65352052C9CC0031A6D7 /* CoreData+TT.swift in Sources */,
				8093467320A628E1001D15CD /* Library+AudioFile.swift in Sources */,
				807E289E2101291B0080F332 /* SmartPlaylistRules.swift in Sources */,
				8087A406206D933F003F1821 /* Analysis.swift in Sources */,
				80E4F9CE20A0DD7E0014532E /* Library+iTunes.swift in Sources */,
				80F8F6F32053EA2C004A07D6 /* TrackEditor.swift in Sources */,
				803717292043629800DB9EAA /* ViewController+Background.swift in Sources */,
				806EFC27204B65C10079DBAA /* PlaylistProtocol.swift in Sources */,
				80CB65332052C9530031A6D7 /* Cocoa+TT.swift in Sources */,
				8058FAC02043409F0086FF8A /* VibrantTableRowView.swift in Sources */,
				80E2C9F8204B40A000298E81 /* Playlist+CoreDataProperties.swift in Sources */,
				80F77BF5203D8B35001E397F /* Key.swift in Sources */,
				80F2C57A2038808000212739 /* AppDelegate.swift in Sources */,
				807F6A37210202A8002048B1 /* Library+Sanity.swift in Sources */,
				8026241620FF445F009D7988 /* TTTokenField.swift in Sources */,
			);
			runOnlyForDeploymentPostprocessing = 0;
		};
/* End PBXSourcesBuildPhase section */

/* Begin PBXVariantGroup section */
		80F2C5822038808000212739 /* Main.storyboard */ = {
			isa = PBXVariantGroup;
			children = (
				80F2C5832038808000212739 /* Base */,
			);
			name = Main.storyboard;
			sourceTree = "<group>";
		};
/* End PBXVariantGroup section */

/* Begin XCBuildConfiguration section */
		80F2C5872038808000212739 /* Debug */ = {
			isa = XCBuildConfiguration;
			buildSettings = {
				ALWAYS_SEARCH_USER_PATHS = NO;
				CLANG_ANALYZER_NONNULL = YES;
				CLANG_ANALYZER_NUMBER_OBJECT_CONVERSION = YES_AGGRESSIVE;
				CLANG_CXX_LANGUAGE_STANDARD = "gnu++14";
				CLANG_CXX_LIBRARY = "libc++";
				CLANG_ENABLE_MODULES = YES;
				CLANG_ENABLE_OBJC_ARC = YES;
				CLANG_WARN_BLOCK_CAPTURE_AUTORELEASING = YES;
				CLANG_WARN_BOOL_CONVERSION = YES;
				CLANG_WARN_COMMA = YES;
				CLANG_WARN_CONSTANT_CONVERSION = YES;
				CLANG_WARN_DEPRECATED_OBJC_IMPLEMENTATIONS = YES;
				CLANG_WARN_DIRECT_OBJC_ISA_USAGE = YES_ERROR;
				CLANG_WARN_DOCUMENTATION_COMMENTS = YES;
				CLANG_WARN_EMPTY_BODY = YES;
				CLANG_WARN_ENUM_CONVERSION = YES;
				CLANG_WARN_INFINITE_RECURSION = YES;
				CLANG_WARN_INT_CONVERSION = YES;
				CLANG_WARN_NON_LITERAL_NULL_CONVERSION = YES;
				CLANG_WARN_OBJC_IMPLICIT_RETAIN_SELF = YES;
				CLANG_WARN_OBJC_LITERAL_CONVERSION = YES;
				CLANG_WARN_OBJC_ROOT_CLASS = YES_ERROR;
				CLANG_WARN_RANGE_LOOP_ANALYSIS = YES;
				CLANG_WARN_STRICT_PROTOTYPES = YES;
				CLANG_WARN_SUSPICIOUS_MOVE = YES;
				CLANG_WARN_UNGUARDED_AVAILABILITY = YES_AGGRESSIVE;
				CLANG_WARN_UNREACHABLE_CODE = YES;
				CLANG_WARN__DUPLICATE_METHOD_MATCH = YES;
				CODE_SIGN_IDENTITY = "-";
				COPY_PHASE_STRIP = NO;
				DEBUG_INFORMATION_FORMAT = dwarf;
				ENABLE_STRICT_OBJC_MSGSEND = YES;
				ENABLE_TESTABILITY = YES;
				GCC_C_LANGUAGE_STANDARD = gnu11;
				GCC_DYNAMIC_NO_PIC = NO;
				GCC_NO_COMMON_BLOCKS = YES;
				GCC_OPTIMIZATION_LEVEL = 0;
				GCC_PREPROCESSOR_DEFINITIONS = (
					"DEBUG=1",
					"$(inherited)",
				);
				GCC_WARN_64_TO_32_BIT_CONVERSION = YES;
				GCC_WARN_ABOUT_RETURN_TYPE = YES_ERROR;
				GCC_WARN_UNDECLARED_SELECTOR = YES;
				GCC_WARN_UNINITIALIZED_AUTOS = YES_AGGRESSIVE;
				GCC_WARN_UNUSED_FUNCTION = YES;
				GCC_WARN_UNUSED_VARIABLE = YES;
				MACOSX_DEPLOYMENT_TARGET = 10.13;
				MTL_ENABLE_DEBUG_INFO = YES;
				ONLY_ACTIVE_ARCH = YES;
				SDKROOT = macosx;
				SWIFT_ACTIVE_COMPILATION_CONDITIONS = DEBUG;
				SWIFT_OPTIMIZATION_LEVEL = "-Onone";
			};
			name = Debug;
		};
		80F2C5882038808000212739 /* Release */ = {
			isa = XCBuildConfiguration;
			buildSettings = {
				ALWAYS_SEARCH_USER_PATHS = NO;
				CLANG_ANALYZER_NONNULL = YES;
				CLANG_ANALYZER_NUMBER_OBJECT_CONVERSION = YES_AGGRESSIVE;
				CLANG_CXX_LANGUAGE_STANDARD = "gnu++14";
				CLANG_CXX_LIBRARY = "libc++";
				CLANG_ENABLE_MODULES = YES;
				CLANG_ENABLE_OBJC_ARC = YES;
				CLANG_WARN_BLOCK_CAPTURE_AUTORELEASING = YES;
				CLANG_WARN_BOOL_CONVERSION = YES;
				CLANG_WARN_COMMA = YES;
				CLANG_WARN_CONSTANT_CONVERSION = YES;
				CLANG_WARN_DEPRECATED_OBJC_IMPLEMENTATIONS = YES;
				CLANG_WARN_DIRECT_OBJC_ISA_USAGE = YES_ERROR;
				CLANG_WARN_DOCUMENTATION_COMMENTS = YES;
				CLANG_WARN_EMPTY_BODY = YES;
				CLANG_WARN_ENUM_CONVERSION = YES;
				CLANG_WARN_INFINITE_RECURSION = YES;
				CLANG_WARN_INT_CONVERSION = YES;
				CLANG_WARN_NON_LITERAL_NULL_CONVERSION = YES;
				CLANG_WARN_OBJC_IMPLICIT_RETAIN_SELF = YES;
				CLANG_WARN_OBJC_LITERAL_CONVERSION = YES;
				CLANG_WARN_OBJC_ROOT_CLASS = YES_ERROR;
				CLANG_WARN_RANGE_LOOP_ANALYSIS = YES;
				CLANG_WARN_STRICT_PROTOTYPES = YES;
				CLANG_WARN_SUSPICIOUS_MOVE = YES;
				CLANG_WARN_UNGUARDED_AVAILABILITY = YES_AGGRESSIVE;
				CLANG_WARN_UNREACHABLE_CODE = YES;
				CLANG_WARN__DUPLICATE_METHOD_MATCH = YES;
				CODE_SIGN_IDENTITY = "-";
				COPY_PHASE_STRIP = NO;
				DEBUG_INFORMATION_FORMAT = "dwarf-with-dsym";
				ENABLE_NS_ASSERTIONS = NO;
				ENABLE_STRICT_OBJC_MSGSEND = YES;
				GCC_C_LANGUAGE_STANDARD = gnu11;
				GCC_NO_COMMON_BLOCKS = YES;
				GCC_WARN_64_TO_32_BIT_CONVERSION = YES;
				GCC_WARN_ABOUT_RETURN_TYPE = YES_ERROR;
				GCC_WARN_UNDECLARED_SELECTOR = YES;
				GCC_WARN_UNINITIALIZED_AUTOS = YES_AGGRESSIVE;
				GCC_WARN_UNUSED_FUNCTION = YES;
				GCC_WARN_UNUSED_VARIABLE = YES;
				MACOSX_DEPLOYMENT_TARGET = 10.13;
				MTL_ENABLE_DEBUG_INFO = NO;
				SDKROOT = macosx;
				SWIFT_OPTIMIZATION_LEVEL = "-Owholemodule";
			};
			name = Release;
		};
		80F2C58A2038808000212739 /* Debug */ = {
			isa = XCBuildConfiguration;
			baseConfigurationReference = A38472EDF8C9143024B15892 /* Pods-TenTunes.debug.xcconfig */;
			buildSettings = {
				ASSETCATALOG_COMPILER_APPICON_NAME = AppIcon;
				CLANG_CXX_LANGUAGE_STANDARD = "gnu++14";
				CLANG_ENABLE_MODULES = YES;
				CODE_SIGN_STYLE = Automatic;
				COMBINE_HIDPI_IMAGES = YES;
				FRAMEWORK_SEARCH_PATHS = (
					"$(inherited)",
					"$(PROJECT_DIR)/Carthage/Build/Mac",
				);
				HEADER_SEARCH_PATHS = (
					"${SRCROOT}/../../taglib-src/taglib/**",
					"${SRCROOT}/../../SuperpoweredSDK/Superpowered",
				);
				INFOPLIST_FILE = TenTunes/Info.plist;
				LD_RUNPATH_SEARCH_PATHS = "$(inherited) @executable_path/../Frameworks";
				LIBRARY_SEARCH_PATHS = (
					"$(PROJECT_DIR)/../../SuperpoweredSDK/Superpowered",
					"$(PROJECT_DIR)/../../taglib-src/taglib",
				);
				OTHER_LDFLAGS = "-lstdc++";
				PRODUCT_BUNDLE_IDENTIFIER = ivorius.TenTunes;
				PRODUCT_NAME = "$(TARGET_NAME)";
				SWIFT_OBJC_BRIDGING_HEADER = "TenTunes/TenTunes-Bridging-Header.h";
				SWIFT_OPTIMIZATION_LEVEL = "-Onone";
				SWIFT_VERSION = 4.0;
			};
			name = Debug;
		};
		80F2C58B2038808000212739 /* Release */ = {
			isa = XCBuildConfiguration;
			baseConfigurationReference = 1AF69E4F3445C52AF8BD712B /* Pods-TenTunes.release.xcconfig */;
			buildSettings = {
				ASSETCATALOG_COMPILER_APPICON_NAME = AppIcon;
				CLANG_CXX_LANGUAGE_STANDARD = "gnu++14";
				CLANG_ENABLE_MODULES = YES;
				CODE_SIGN_STYLE = Automatic;
				COMBINE_HIDPI_IMAGES = YES;
				FRAMEWORK_SEARCH_PATHS = (
					"$(inherited)",
					"$(PROJECT_DIR)/Carthage/Build/Mac",
				);
				HEADER_SEARCH_PATHS = (
					"${SRCROOT}/../../taglib-src/taglib/**",
					"${SRCROOT}/../../SuperpoweredSDK/Superpowered",
				);
				INFOPLIST_FILE = TenTunes/Info.plist;
				LD_RUNPATH_SEARCH_PATHS = "$(inherited) @executable_path/../Frameworks";
				LIBRARY_SEARCH_PATHS = (
					"$(PROJECT_DIR)/../../SuperpoweredSDK/Superpowered",
					"$(PROJECT_DIR)/../../taglib-src/taglib",
				);
				OTHER_LDFLAGS = "-lstdc++";
				PRODUCT_BUNDLE_IDENTIFIER = ivorius.TenTunes;
				PRODUCT_NAME = "$(TARGET_NAME)";
				SWIFT_OBJC_BRIDGING_HEADER = "TenTunes/TenTunes-Bridging-Header.h";
				SWIFT_VERSION = 4.0;
			};
			name = Release;
		};
/* End XCBuildConfiguration section */

/* Begin XCConfigurationList section */
		80F2C5712038808000212739 /* Build configuration list for PBXProject "TenTunes" */ = {
			isa = XCConfigurationList;
			buildConfigurations = (
				80F2C5872038808000212739 /* Debug */,
				80F2C5882038808000212739 /* Release */,
			);
			defaultConfigurationIsVisible = 0;
			defaultConfigurationName = Release;
		};
		80F2C5892038808000212739 /* Build configuration list for PBXNativeTarget "TenTunes" */ = {
			isa = XCConfigurationList;
			buildConfigurations = (
				80F2C58A2038808000212739 /* Debug */,
				80F2C58B2038808000212739 /* Release */,
			);
			defaultConfigurationIsVisible = 0;
			defaultConfigurationName = Release;
		};
/* End XCConfigurationList section */

/* Begin XCVersionGroup section */
		80F2C57D2038808000212739 /* TenTunes.xcdatamodeld */ = {
			isa = XCVersionGroup;
			children = (
				80F2C57E2038808000212739 /* TenTunes.xcdatamodel */,
			);
			currentVersion = 80F2C57E2038808000212739 /* TenTunes.xcdatamodel */;
			path = TenTunes.xcdatamodeld;
			sourceTree = "<group>";
			versionGroupType = wrapper.xcdatamodel;
		};
/* End XCVersionGroup section */
	};
	rootObject = 80F2C56E2038808000212739 /* Project object */;
}
